{"SurveyEntry":{"SurveyID":"SV_byFhMCa3uEUSHki","SurveyName":"2023-247 TechPT - EDU - Caregiver - Background Survey","SurveyDescription":null,"SurveyOwnerID":"UR_6LQU98uGKnACTOt","SurveyBrandID":"cmich","DivisionID":"DV_55fMKHgc4U7VeMR","SurveyLanguage":"EN","SurveyActiveResponseSet":"RS_42uHnf573d19YcC","SurveyStatus":"Active","SurveyStartDate":"0000-00-00 00:00:00","SurveyExpirationDate":"0000-00-00 00:00:00","SurveyCreationDate":"2024-05-30 11:25:27","CreatorID":"UR_6LQU98uGKnACTOt","LastModified":"2024-08-29 09:18:46","LastAccessed":"0000-00-00 00:00:00","LastActivated":"2024-06-20 16:23:00","Deleted":null},"SurveyElements":[{"SurveyID":"SV_byFhMCa3uEUSHki","Element":"BL","PrimaryAttribute":"Survey Blocks","SecondaryAttribute":null,"TertiaryAttribute":null,"Payload":{"1":{"Type":"Trash","Description":"Trash \/ Unused Questions","ID":"BL_eeAwH7QJV7oDb82","BlockElements":[{"Type":"Question","QuestionID":"QID43"},{"Type":"Question","QuestionID":"QID42"},{"Type":"Question","QuestionID":"QID2"},{"Type":"Question","QuestionID":"QID3"},{"Type":"Question","QuestionID":"QID5"},{"Type":"Question","QuestionID":"QID6"},{"Type":"Question","QuestionID":"QID7"},{"Type":"Question","QuestionID":"QID8"},{"Type":"Question","QuestionID":"QID9"},{"Type":"Question","QuestionID":"QID10"},{"Type":"Question","QuestionID":"QID11"},{"Type":"Question","QuestionID":"QID12"},{"Type":"Question","QuestionID":"QID13"},{"Type":"Question","QuestionID":"QID14"},{"Type":"Question","QuestionID":"QID15"},{"Type":"Question","QuestionID":"QID16"},{"Type":"Question","QuestionID":"QID17"},{"Type":"Question","QuestionID":"QID18"},{"Type":"Question","QuestionID":"QID1"},{"Type":"Question","QuestionID":"QID36"},{"Type":"Question","QuestionID":"QID21"},{"Type":"Question","QuestionID":"QID37"},{"Type":"Question","QuestionID":"QID41"},{"Type":"Question","QuestionID":"QID44"},{"Type":"Question","QuestionID":"QID45"},{"Type":"Question","QuestionID":"QID19"},{"Type":"Question","QuestionID":"QID20"},{"Type":"Question","QuestionID":"QID22"},{"Type":"Question","QuestionID":"QID4"},{"Type":"Question","QuestionID":"QID23"},{"Type":"Question","QuestionID":"QID38"},{"Type":"Question","QuestionID":"QID39"},{"Type":"Question","QuestionID":"QID40"},{"Type":"Question","QuestionID":"QID46"},{"Type":"Question","QuestionID":"QID29"},{"Type":"Question","QuestionID":"QID30"},{"Type":"Question","QuestionID":"QID31"},{"Type":"Question","QuestionID":"QID33"},{"Type":"Question","QuestionID":"QID34"},{"Type":"Question","QuestionID":"QID47"},{"Type":"Question","QuestionID":"QID48"},{"Type":"Question","QuestionID":"QID49"},{"Type":"Question","QuestionID":"QID32"},{"Type":"Question","QuestionID":"QID52"},{"Type":"Question","QuestionID":"QID26"}]},"3":{"Type":"Standard","SubType":"","Description":"Background Survey","ID":"BL_82nxslT4791xg5E","BlockElements":[{"Type":"Question","QuestionID":"QID24"},{"Type":"Question","QuestionID":"QID25"},{"Type":"Question","QuestionID":"QID27"},{"Type":"Question","QuestionID":"QID28"},{"Type":"Question","QuestionID":"QID55"},{"Type":"Question","QuestionID":"QID56"},{"Type":"Page Break"},{"Type":"Question","QuestionID":"QID50"},{"Type":"Page Break"},{"Type":"Question","QuestionID":"QID51"},{"Type":"Question","QuestionID":"QID35"},{"Type":"Question","QuestionID":"QID53"},{"Type":"Question","QuestionID":"QID54"}]}}},{"SurveyID":"SV_byFhMCa3uEUSHki","Element":"FL","PrimaryAttribute":"Survey Flow","SecondaryAttribute":null,"TertiaryAttribute":null,"Payload":{"Type":"Root","FlowID":"FL_1","Flow":[{"Type":"EmbeddedData","FlowID":"FL_8","EmbeddedData":[{"Description":"CaregiverID","Type":"Recipient","Field":"CaregiverID","VariableType":"String","DataVisibility":[],"AnalyzeText":false}]},{"Type":"EmbeddedData","FlowID":"FL_10","EmbeddedData":[{"Description":"ChildName","Type":"Recipient","Field":"ChildName","VariableType":"String","DataVisibility":[],"AnalyzeText":false}]},{"Type":"BlockRandomizer","FlowID":"FL_12","SubSet":1,"EvenPresentation":true,"Flow":[{"Type":"EmbeddedData","FlowID":"FL_16","EmbeddedData":[{"Description":"CaseAssignment","Type":"Custom","Field":"CaseAssignment","VariableType":"String","DataVisibility":[],"AnalyzeText":false,"Value":"Case4"},{"Description":"TrainingStart","Type":"Custom","Field":"TrainingStart","VariableType":"Scale","DataVisibility":[],"Value":"${rand:\/\/int\/17:18}"}]}]},{"Type":"Branch","FlowID":"FL_17","Description":"New Branch","BranchLogic":{"0":{"0":{"LogicType":"EmbeddedField","LeftOperand":"TrainingStart","Operator":"EqualTo","RightOperand":"5","_HiddenExpression":false,"Type":"Expression","Description":"<span class=\"ConjDesc\">If<\/span> <span class=\"LeftOpDesc\">TrainingStart<\/span> <span class=\"OpDesc\">Is Equal to<\/span> <span class=\"RightOpDesc\"> 5 <\/span>"},"Type":"If"},"Type":"BooleanExpression"},"Flow":[{"Type":"EmbeddedData","FlowID":"FL_18","EmbeddedData":[{"Description":"GenProbeB","Type":"Custom","Field":"GenProbeB","VariableType":"Scale","DataVisibility":[],"Value":"${rand:\/\/int\/2:3}"}]}]},{"Type":"Branch","FlowID":"FL_19","Description":"New Branch","BranchLogic":{"0":{"0":{"LogicType":"EmbeddedField","LeftOperand":"TrainingStart","Operator":"EqualTo","RightOperand":"6","_HiddenExpression":false,"Type":"Expression","Description":"<span class=\"ConjDesc\">If<\/span> <span class=\"LeftOpDesc\">TrainingStart<\/span> <span class=\"OpDesc\">Is Equal to<\/span> <span class=\"RightOpDesc\"> 6 <\/span>"},"Type":"If"},"Type":"BooleanExpression"},"Flow":[{"Type":"EmbeddedData","FlowID":"FL_20","EmbeddedData":[{"Description":"GenProbeB","Type":"Custom","Field":"GenProbeB","VariableType":"Scale","DataVisibility":[],"Value":"${rand:\/\/int\/3:4}"}]}]},{"Type":"Branch","FlowID":"FL_21","Description":"New Branch","BranchLogic":{"0":{"0":{"LogicType":"EmbeddedField","LeftOperand":"TrainingStart","Operator":"EqualTo","RightOperand":"9","_HiddenExpression":false,"Type":"Expression","Description":"<span class=\"ConjDesc\">If<\/span> <span class=\"LeftOpDesc\">TrainingStart<\/span> <span class=\"OpDesc\">Is Equal to<\/span> <span class=\"RightOpDesc\"> 9 <\/span>"},"Type":"If"},"Type":"BooleanExpression"},"Flow":[{"Type":"EmbeddedData","FlowID":"FL_22","EmbeddedData":[{"Description":"GenProbeB","Type":"Custom","Field":"GenProbeB","VariableType":"Scale","DataVisibility":[],"Value":"${rand:\/\/int\/6:7}"},{"Description":"GenProbeC","Type":"Custom","Field":"GenProbeC","VariableType":"Scale","DataVisibility":[],"Value":"${rand:\/\/int\/8:9}"}]}]},{"Type":"Branch","FlowID":"FL_23","Description":"New Branch","BranchLogic":{"0":{"0":{"LogicType":"EmbeddedField","LeftOperand":"TrainingStart","Operator":"EqualTo","RightOperand":"10","_HiddenExpression":false,"Type":"Expression","Description":"<span class=\"ConjDesc\">If<\/span> <span class=\"LeftOpDesc\">TrainingStart<\/span> <span class=\"OpDesc\">Is Equal to<\/span> <span class=\"RightOpDesc\"> 10 <\/span>"},"Type":"If"},"Type":"BooleanExpression"},"Flow":[{"Type":"EmbeddedData","FlowID":"FL_24","EmbeddedData":[{"Description":"GenProbeB","Type":"Custom","Field":"GenProbeB","VariableType":"Scale","DataVisibility":[],"Value":"${rand:\/\/int\/7:8}"},{"Description":"GenProbeC","Type":"Custom","Field":"GenProbeC","VariableType":"Scale","DataVisibility":[],"Value":"${rand:\/\/int\/9:10}"}]}]},{"Type":"Branch","FlowID":"FL_32","Description":"New Branch","BranchLogic":{"0":{"0":{"LogicType":"EmbeddedField","LeftOperand":"TrainingStart","Operator":"EqualTo","RightOperand":"13","_HiddenExpression":false,"Type":"Expression","Description":"<span class=\"ConjDesc\">If<\/span> <span class=\"LeftOpDesc\">TrainingStart<\/span> <span class=\"OpDesc\">Is Equal to<\/span> <span class=\"RightOpDesc\"> 13 <\/span>"},"Type":"If"},"Type":"BooleanExpression"},"Flow":[{"Type":"EmbeddedData","FlowID":"FL_33","EmbeddedData":[{"Description":"GenProbeB","Type":"Custom","Field":"GenProbeB","VariableType":"Scale","DataVisibility":[],"Value":"${rand:\/\/int\/7:9}"},{"Description":"GenProbeC","Type":"Custom","Field":"GenProbeC","VariableType":"Scale","DataVisibility":[],"Value":"${rand:\/\/int\/10:12}"}]}]},{"Type":"Branch","FlowID":"FL_30","Description":"New Branch","BranchLogic":{"0":{"0":{"LogicType":"EmbeddedField","LeftOperand":"TrainingStart","Operator":"EqualTo","RightOperand":"14","_HiddenExpression":false,"Type":"Expression","Description":"<span class=\"ConjDesc\">If<\/span> <span class=\"LeftOpDesc\">TrainingStart<\/span> <span class=\"OpDesc\">Is Equal to<\/span> <span class=\"RightOpDesc\"> 14 <\/span>"},"Type":"If"},"Type":"BooleanExpression"},"Flow":[{"Type":"EmbeddedData","FlowID":"FL_31","EmbeddedData":[{"Description":"GenProbeB","Type":"Custom","Field":"GenProbeB","VariableType":"Scale","DataVisibility":[],"Value":"${rand:\/\/int\/8:10}"},{"Description":"GenProbeC","Type":"Custom","Field":"GenProbeC","VariableType":"Scale","DataVisibility":[],"Value":"${rand:\/\/int\/11:13}"}]}]},{"Type":"Branch","FlowID":"FL_25","Description":"New Branch","BranchLogic":{"0":{"0":{"LogicType":"EmbeddedField","LeftOperand":"TrainingStart","Operator":"EqualTo","RightOperand":"17","_HiddenExpression":false,"Type":"Expression","Description":"<span class=\"ConjDesc\">If<\/span> <span class=\"LeftOpDesc\">TrainingStart<\/span> <span class=\"OpDesc\">Is Equal to<\/span> <span class=\"RightOpDesc\"> 17 <\/span>"},"Type":"If"},"Type":"BooleanExpression"},"Flow":[{"Type":"EmbeddedData","FlowID":"FL_26","EmbeddedData":[{"Description":"GenProbeB","Type":"Custom","Field":"GenProbeB","VariableType":"Scale","DataVisibility":[],"Value":"${rand:\/\/int\/11:12}"},{"Description":"GenProbeC","Type":"Custom","Field":"GenProbeC","VariableType":"Scale","DataVisibility":[],"Value":"${rand:\/\/int\/14:15}"}]}]},{"Type":"Branch","FlowID":"FL_27","Description":"New Branch","BranchLogic":{"0":{"0":{"LogicType":"EmbeddedField","LeftOperand":"TrainingStart","Operator":"EqualTo","RightOperand":"18","_HiddenExpression":false,"Type":"Expression","Description":"<span class=\"ConjDesc\">If<\/span> <span class=\"LeftOpDesc\">TrainingStart<\/span> <span class=\"OpDesc\">Is Equal to<\/span> <span class=\"RightOpDesc\"> 18 <\/span>"},"Type":"If"},"Type":"BooleanExpression"},"Flow":[{"Type":"EmbeddedData","FlowID":"FL_28","EmbeddedData":[{"Description":"GenProbeB","Type":"Custom","Field":"GenProbeB","VariableType":"Scale","DataVisibility":[],"Value":"${rand:\/\/int\/11:13}"},{"Description":"GenProbeC","Type":"Custom","Field":"GenProbeC","VariableType":"Scale","DataVisibility":[],"Value":"${rand:\/\/int\/14:16}"}]}]},{"Type":"Standard","ID":"BL_82nxslT4791xg5E","FlowID":"FL_4","Autofill":[]},{"Type":"EmbeddedData","FlowID":"FL_11","EmbeddedData":[{"Description":"ChildName","Type":"Custom","Field":"ChildName","VariableType":"String","DataVisibility":[],"AnalyzeText":false,"Value":"\"\""}]},{"Type":"EndSurvey","FlowID":"FL_7","EndingType":"Advanced","Options":{"Advanced":"true","SurveyTermination":"DisplayMessage","EOSMessageLibrary":"UR_6LQU98uGKnACTOt","EOSMessage":"MS_3mj0rlb3VncYWrk"}}],"Properties":{"Count":33}}},{"SurveyID":"SV_byFhMCa3uEUSHki","Element":"PL","PrimaryAttribute":"Preview Link","SecondaryAttribute":null,"TertiaryAttribute":null,"Payload":{"PreviewType":"Brand","PreviewID":"feacebf6-c7ab-484b-b021-6dd96cf6c954"}},{"SurveyID":"SV_byFhMCa3uEUSHki","Element":"RS","PrimaryAttribute":"RS_42uHnf573d19YcC","SecondaryAttribute":null,"TertiaryAttribute":null,"Payload":null},{"SurveyID":"SV_byFhMCa3uEUSHki","Element":"SO","PrimaryAttribute":"Survey Options","SecondaryAttribute":null,"TertiaryAttribute":null,"Payload":{"BackButton":"true","SaveAndContinue":"true","SurveyProtection":"PublicSurvey","BallotBoxStuffingPrevention":"false","NoIndex":"Yes","SecureResponseFiles":"true","SurveyExpiration":"None","SurveyTermination":"DefaultMessage","Header":"","Footer":"<u>Contact info<\/u><br \/><a href=\"tel:517-237-5894\">517.237.5894<\/a><br \/><a href=\"mailto:wyse1r@cmich.edu\">wyse1r@cmich.edu<\/a>","ProgressBarDisplay":"None","PartialData":"+1 week","ValidationMessage":null,"PreviousButton":"","NextButton":" \u2192 ","SurveyTitle":"2023-247 TechPT - Enrollment Survey","SkinLibrary":"cmich","SkinType":"MQ","Skin":"cmich_1","NewScoring":1,"SurveyMetaDescription":"The most powerful, simple and trusted way to gather experience data. Start your journey to experience management and try a free account today.","footerMid":"","EOSMessage":null,"ShowExportTags":"false","CollectGeoLocation":"false","PasswordProtection":"No","AnonymizeResponse":"Yes","RefererCheck":"No","RecaptchaV3":"true","ConfirmStart":true,"AutoConfirmStart":true,"RelevantID":"false","RelevantIDLockoutPeriod":"+30 days","UseCustomSurveyLinkCompletedMessage":null,"SurveyLinkCompletedMessage":null,"SurveyLinkCompletedMessageLibrary":null,"ResponseSummary":"No","EOSMessageLibrary":null,"EOSRedirectURL":"http:\/\/","EmailThankYou":"false","ThankYouEmailMessageLibrary":null,"ThankYouEmailMessage":null,"ValidateMessage":"false","ValidationMessageLibrary":null,"InactiveSurvey":"DefaultMessage","PartialDeletion":null,"PartialDataCloseAfter":"LastActivity","InactiveMessageLibrary":null,"InactiveMessage":null,"AvailableLanguages":{"EN":[]},"Password":"","ProtectSelectionIds":true,"SurveyName":"2023-247 TechPT - EDU - Caregiver - Background Survey"}},{"SurveyID":"SV_byFhMCa3uEUSHki","Element":"SCO","PrimaryAttribute":"Scoring","SecondaryAttribute":null,"TertiaryAttribute":null,"Payload":{"ScoringCategories":[],"ScoringCategoryGroups":[],"ScoringSummaryCategory":null,"ScoringSummaryAfterQuestions":0,"ScoringSummaryAfterSurvey":0,"DefaultScoringCategory":null,"AutoScoringCategory":null}},{"SurveyID":"SV_byFhMCa3uEUSHki","Element":"PROJ","PrimaryAttribute":"CORE","SecondaryAttribute":null,"TertiaryAttribute":"1.1.0","Payload":{"ProjectCategory":"CORE","SchemaVersion":"1.1.0"}},{"SurveyID":"SV_byFhMCa3uEUSHki","Element":"STAT","PrimaryAttribute":"Survey Statistics","SecondaryAttribute":null,"TertiaryAttribute":null,"Payload":{"MobileCompatible":true,"ID":"Survey Statistics"}},{"SurveyID":"SV_byFhMCa3uEUSHki","Element":"QC","PrimaryAttribute":"Survey Question Count","SecondaryAttribute":"56","TertiaryAttribute":null,"Payload":null},{"SurveyID":"SV_byFhMCa3uEUSHki","Element":"SQ","PrimaryAttribute":"QID38","SecondaryAttribute":"Apartment or unit number (if applicable):","TertiaryAttribute":null,"Payload":{"QuestionText":"Apartment or unit number (if applicable):","DefaultChoices":false,"DataExportTag":"Appt","QuestionID":"QID38","QuestionType":"TE","Selector":"SL","Configuration":{"QuestionDescriptionOption":"UseText"},"QuestionDescription":"Apartment or unit number (if applicable):","Validation":{"Settings":{"ForceResponse":"OFF","Type":"None","MinChars":"1","ContentType":null,"ValidDateType":"DateWithFormat","ValidPhoneType":"ValidUSPhone","ValidZipType":"ValidUSZip","ValidNumber":{"Min":"","Max":"","NumDecimals":""}}},"GradingData":[],"Language":[],"NextChoiceId":4,"NextAnswerId":1,"SearchSource":{"AllowFreeResponse":"false"}}},{"SurveyID":"SV_byFhMCa3uEUSHki","Element":"SQ","PrimaryAttribute":"QID50","SecondaryAttribute":"Are you currently enrolled in any educational or training programs?","TertiaryAttribute":null,"Payload":{"QuestionText":"Are you currently enrolled in any educational or training programs?","DataExportTag":"Q50","QuestionType":"MC","Selector":"SAVR","SubSelector":"TX","DataVisibility":{"Private":false,"Hidden":false},"Configuration":{"QuestionDescriptionOption":"UseText"},"QuestionDescription":"Are you currently enrolled in any educational or training programs?","Choices":{"1":{"Display":"Yes"},"2":{"Display":"No"}},"ChoiceOrder":["1","2"],"Validation":{"Settings":{"ForceResponse":"OFF","Type":"None"}},"Language":[],"NextChoiceId":4,"NextAnswerId":1,"QuestionID":"QID50"}},{"SurveyID":"SV_byFhMCa3uEUSHki","Element":"SQ","PrimaryAttribute":"QID9","SecondaryAttribute":"Are you the sole caregiver in the home?","TertiaryAttribute":null,"Payload":{"QuestionText":"Are you the sole caregiver in the home?\n","DataExportTag":"Sole_Caregiver","QuestionID":"QID9","QuestionType":"MC","Selector":"SAVR","SubSelector":"TX","QuestionDescription":"Are you the sole caregiver in the home?","Choices":{"1":{"Display":"Yes"},"2":{"Display":"No, Is the other caregiver a legal guardian of the focus child?"}},"ChoiceOrder":["1","2"],"Validation":{"Settings":{"Type":"None"}},"Language":[]}},{"SurveyID":"SV_byFhMCa3uEUSHki","Element":"SQ","PrimaryAttribute":"QID26","SecondaryAttribute":"Are you the sole caregiver in the home?","TertiaryAttribute":null,"Payload":{"QuestionText":"Are you the sole caregiver in the home?\n","DataExportTag":"Sole_Caregiver-1","QuestionID":"QID26","QuestionType":"MC","Selector":"SAVR","SubSelector":"TX","QuestionDescription":"Are you the sole caregiver in the home?","Choices":{"1":{"Display":"Yes"},"2":{"Display":"No"}},"ChoiceOrder":["1","2"],"Validation":{"Settings":{"ForceResponse":"RequestResponse","ForceResponseType":"RequestResponse","Type":"None"}},"Language":[],"DataVisibility":{"Private":false,"Hidden":false},"Configuration":{"QuestionDescriptionOption":"UseText"},"NextChoiceId":3,"NextAnswerId":1}},{"SurveyID":"SV_byFhMCa3uEUSHki","Element":"SQ","PrimaryAttribute":"QID39","SecondaryAttribute":"City or town name:","TertiaryAttribute":null,"Payload":{"QuestionText":"City or town name:","DefaultChoices":false,"DataExportTag":"City","QuestionType":"TE","Selector":"SL","DataVisibility":{"Private":false,"Hidden":false},"Configuration":{"QuestionDescriptionOption":"UseText"},"QuestionDescription":"City or town name:","Validation":{"Settings":{"ForceResponse":"RequestResponse","ForceResponseType":"RequestResponse","Type":"None","MinChars":"1","ValidDateType":"DateWithFormat","ValidPhoneType":"ValidUSPhone","ValidZipType":"ValidUSZip","ValidNumber":{"Min":"","Max":"","NumDecimals":""}}},"GradingData":[],"Language":[],"NextChoiceId":4,"NextAnswerId":1,"SearchSource":{"AllowFreeResponse":"false"},"QuestionID":"QID39"}},{"SurveyID":"SV_byFhMCa3uEUSHki","Element":"SQ","PrimaryAttribute":"QID1","SecondaryAttribute":"Click to write the question text","TertiaryAttribute":null,"Payload":{"QuestionText":"Click to write the question text","DataExportTag":"Q1","QuestionType":"MC","Selector":"SAVR","SubSelector":"TX","Configuration":{"QuestionDescriptionOption":"UseText"},"QuestionDescription":"Click to write the question text","Choices":{"1":{"Display":"Click to write Choice 1"},"2":{"Display":"Click to write Choice 2"},"3":{"Display":"Click to write Choice 3"}},"ChoiceOrder":["1","2","3"],"Validation":{"Settings":{"ForceResponse":"OFF","Type":"None"}},"Language":[],"NextChoiceId":4,"NextAnswerId":1,"QuestionID":"QID1"}},{"SurveyID":"SV_byFhMCa3uEUSHki","Element":"SQ","PrimaryAttribute":"QID36","SecondaryAttribute":"Click to write the question text","TertiaryAttribute":null,"Payload":{"QuestionText":"Click to write the question text","DataExportTag":"Q36","QuestionType":"MC","Selector":"SAVR","SubSelector":"TX","Configuration":{"QuestionDescriptionOption":"UseText"},"QuestionDescription":"Click to write the question text","Choices":{"1":{"Display":"Click to write Choice 1"},"2":{"Display":"Click to write Choice 2"},"3":{"Display":"Click to write Choice 3"}},"ChoiceOrder":["1","2","3"],"Validation":{"Settings":{"ForceResponse":"OFF","Type":"None"}},"Language":[],"NextChoiceId":4,"NextAnswerId":1,"QuestionID":"QID36"}},{"SurveyID":"SV_byFhMCa3uEUSHki","Element":"SQ","PrimaryAttribute":"QID46","SecondaryAttribute":"Click to write the question text","TertiaryAttribute":null,"Payload":{"QuestionText":"Click to write the question text","DataExportTag":"Q46","QuestionType":"MC","Selector":"SAVR","SubSelector":"TX","Configuration":{"QuestionDescriptionOption":"UseText"},"QuestionDescription":"Click to write the question text","Choices":{"1":{"Display":"Click to write Choice 1"},"2":{"Display":"Click to write Choice 2"},"3":{"Display":"Click to write Choice 3"}},"ChoiceOrder":["1","2","3"],"Validation":{"Settings":{"ForceResponse":"OFF","Type":"None"}},"Language":[],"NextChoiceId":4,"NextAnswerId":1,"QuestionID":"QID46"}},{"SurveyID":"SV_byFhMCa3uEUSHki","Element":"SQ","PrimaryAttribute":"QID52","SecondaryAttribute":"Click to write the question text","TertiaryAttribute":null,"Payload":{"QuestionText":"Click to write the question text","DataExportTag":"Q52","QuestionType":"MC","Selector":"SAVR","SubSelector":"TX","DataVisibility":{"Private":false,"Hidden":false},"Configuration":{"QuestionDescriptionOption":"UseText"},"QuestionDescription":"Click to write the question text","Choices":{"1":{"Display":"Click to write Choice 1"},"2":{"Display":"Click to write Choice 2"},"3":{"Display":"Click to write Choice 3"}},"ChoiceOrder":["1","2","3"],"Validation":{"Settings":{"ForceResponse":"OFF","Type":"None"}},"Language":[],"NextChoiceId":4,"NextAnswerId":1,"QuestionID":"QID52"}},{"SurveyID":"SV_byFhMCa3uEUSHki","Element":"SQ","PrimaryAttribute":"QID21","SecondaryAttribute":"Do you prefer email or voice\/text?","TertiaryAttribute":null,"Payload":{"QuestionText":"Do you prefer email or voice\/text?\n","DataExportTag":"ContactPreference","QuestionID":"QID21","QuestionType":"MC","Selector":"SAVR","SubSelector":"TX","QuestionDescription":"Do you prefer email or voice\/text?","Choices":{"1":{"Display":"Email"},"2":{"Display":"Voice\/Text"}},"ChoiceOrder":["1","2"],"Validation":{"Settings":{"Type":"None"}},"Language":[]}},{"SurveyID":"SV_byFhMCa3uEUSHki","Element":"SQ","PrimaryAttribute":"QID47","SecondaryAttribute":"Does ${e:\/\/Field\/ChildName} have a mental health diagnosis?","TertiaryAttribute":null,"Payload":{"QuestionText":"Does ${e:\/\/Field\/ChildName} have a mental health diagnosis?","DataExportTag":"MentalHealth-1","QuestionType":"MC","Selector":"SAVR","SubSelector":"TX","DataVisibility":{"Private":false,"Hidden":false},"Configuration":{"QuestionDescriptionOption":"UseText"},"QuestionDescription":"Does ${e:\/\/Field\/ChildName} have a mental health diagnosis?","Choices":{"1":{"Display":"Yes"},"2":{"Display":"No"}},"ChoiceOrder":["1","2"],"Validation":{"Settings":{"ForceResponse":"OFF","Type":"None"}},"Language":[],"NextChoiceId":4,"NextAnswerId":1,"QuestionID":"QID47"}},{"SurveyID":"SV_byFhMCa3uEUSHki","Element":"SQ","PrimaryAttribute":"QID33","SecondaryAttribute":"Does ${e:\/\/Field\/ChildName} have an IEP?","TertiaryAttribute":null,"Payload":{"QuestionText":"Does ${e:\/\/Field\/ChildName} have an IEP?","DataExportTag":"IEP-1","QuestionID":"QID33","QuestionType":"MC","Selector":"SAVR","SubSelector":"TX","QuestionDescription":"Does ${e:\/\/Field\/ChildName} have an IEP?","Choices":{"1":{"Display":"Yes"},"2":{"Display":"No"}},"ChoiceOrder":["1","2"],"Validation":{"Settings":{"ForceResponse":"RequestResponse","ForceResponseType":"RequestResponse","Type":"None"}},"Language":[],"DataVisibility":{"Private":false,"Hidden":false},"Configuration":{"QuestionDescriptionOption":"UseText"},"NextChoiceId":3,"NextAnswerId":1}},{"SurveyID":"SV_byFhMCa3uEUSHki","Element":"SQ","PrimaryAttribute":"QID32","SecondaryAttribute":"Does ${e:\/\/Field\/ChildName} have any relevant medical or physical diagnoses? If so, what are they?","TertiaryAttribute":null,"Payload":{"QuestionText":"Does ${e:\/\/Field\/ChildName} have any relevant medical or physical diagnoses? If so, what are they?","DataExportTag":"FocusChildDiagnoses","QuestionID":"QID32","QuestionType":"TE","Selector":"SL","QuestionDescription":"Does ${e:\/\/Field\/ChildName} have any relevant medical or physical diagnoses? If so, what are they?","Validation":{"Settings":{"ForceResponse":"RequestResponse","ForceResponseType":"RequestResponse","Type":"None"}},"Language":[],"SearchSource":{"AllowFreeResponse":"false"},"DataVisibility":{"Private":false,"Hidden":false},"Configuration":{"QuestionDescriptionOption":"UseText"},"NextChoiceId":1,"NextAnswerId":1}},{"SurveyID":"SV_byFhMCa3uEUSHki","Element":"SQ","PrimaryAttribute":"QID16","SecondaryAttribute":"Does focus child have an IEP?","TertiaryAttribute":null,"Payload":{"QuestionText":"Does focus child have an IEP?\n","DataExportTag":"IEP","QuestionID":"QID16","QuestionType":"MC","Selector":"SAVR","SubSelector":"TX","QuestionDescription":"Does focus child have an IEP?","Choices":{"1":{"Display":"Yes"},"2":{"Display":"No"}},"ChoiceOrder":["1","2"],"Validation":{"Settings":{"Type":"None"}},"Language":[]}},{"SurveyID":"SV_byFhMCa3uEUSHki","Element":"SQ","PrimaryAttribute":"QID15","SecondaryAttribute":"Does the focus child have any physical or mental health diagnoses other than autism? If so, what...","TertiaryAttribute":null,"Payload":{"QuestionText":"Does the focus child have any physical or mental health diagnoses other than autism? If so, what are they?\n\n","QuestionID":"QID15","QuestionType":"TE","Selector":"SL","QuestionDescription":"Does the focus child have any physical or mental health diagnoses other than autism? If so, what...","Validation":{"Settings":{"Type":"None"}},"Language":[],"SearchSource":{"AllowFreeResponse":"false"},"DataExportTag":"QID15"}},{"SurveyID":"SV_byFhMCa3uEUSHki","Element":"SQ","PrimaryAttribute":"QID35","SecondaryAttribute":"How long have you been working at this current current childcare facility.","TertiaryAttribute":null,"Payload":{"QuestionText":"How long have you been working at this current current childcare facility.","DefaultChoices":false,"DataExportTag":"Relationship-1","QuestionID":"QID35","QuestionType":"TE","Selector":"SL","DataVisibility":{"Private":false,"Hidden":false},"Configuration":{"QuestionDescriptionOption":"UseText"},"QuestionDescription":"How long have you been working at this current current childcare facility.","Validation":{"Settings":{"ForceResponse":"OFF","Type":"None"}},"GradingData":[],"Language":[],"NextChoiceId":11,"NextAnswerId":1,"SearchSource":{"AllowFreeResponse":"false"}}},{"SurveyID":"SV_byFhMCa3uEUSHki","Element":"SQ","PrimaryAttribute":"QID12","SecondaryAttribute":"How many children live in your home under the age of 18?","TertiaryAttribute":null,"Payload":{"QuestionText":"How many children live in your home under the age of 18?\n\n","QuestionID":"QID12","QuestionType":"TE","Selector":"SL","QuestionDescription":"How many children live in your home under the age of 18?","Validation":{"Settings":{"Type":"None"}},"Language":[],"SearchSource":{"AllowFreeResponse":"false"},"DataExportTag":"QID12"}},{"SurveyID":"SV_byFhMCa3uEUSHki","Element":"SQ","PrimaryAttribute":"QID29","SecondaryAttribute":"How many children live in your home under the age of 18?","TertiaryAttribute":null,"Payload":{"QuestionText":"How many children live in your home under the age of 18?\n\n","DataExportTag":"NumberOfChildren","QuestionID":"QID29","QuestionType":"TE","Selector":"SL","QuestionDescription":"How many children live in your home under the age of 18?","Validation":{"Settings":{"Type":"ContentType","MinChars":"1","ContentType":"ValidNumber","ValidDateType":"DateWithFormat","ValidPhoneType":"ValidUSPhone","ValidZipType":"ValidUSZip","ValidNumber":{"Min":"","Max":"","NumDecimals":""}}},"Language":[],"SearchSource":{"AllowFreeResponse":"false"},"DataVisibility":{"Private":false,"Hidden":false},"Configuration":{"QuestionDescriptionOption":"UseText"},"NextChoiceId":1,"NextAnswerId":1}},{"SurveyID":"SV_byFhMCa3uEUSHki","Element":"SQ","PrimaryAttribute":"QID56","SecondaryAttribute":"How would you describe your cultural or racial identity? (Optional) Examples: \"Mexican American,\"...","TertiaryAttribute":null,"Payload":{"QuestionText":"How would you describe your cultural or racial identity? (Optional)\nExamples: \"Mexican American,\" \"Chinese and Vietnamese,\" \"Black Caribbean,\" \"Multiracial - White and Native American,\" \"South Asian,\" \"Afro-Latina,\" \"Irish American,\" etc.","DefaultChoices":false,"DataExportTag":"Q56","QuestionID":"QID56","QuestionType":"TE","Selector":"SL","DataVisibility":{"Private":false,"Hidden":false},"Configuration":{"QuestionDescriptionOption":"UseText"},"QuestionDescription":"How would you describe your cultural or racial identity? (Optional) Examples: \"Mexican American,\"...","Validation":{"Settings":{"ForceResponse":"OFF","Type":"None"}},"GradingData":[],"Language":[],"NextChoiceId":4,"NextAnswerId":1,"SearchSource":{"AllowFreeResponse":"false"}}},{"SurveyID":"SV_byFhMCa3uEUSHki","Element":"SQ","PrimaryAttribute":"QID48","SecondaryAttribute":"If ${e:\/\/Field\/ChildName} has a mental health diagnosis, what is their diagnosis?","TertiaryAttribute":null,"Payload":{"QuestionText":"If&nbsp;${e:\/\/Field\/ChildName} has a mental health diagnosis, what is their diagnosis?","DefaultChoices":false,"DataExportTag":"MentalHealth-2","QuestionID":"QID48","QuestionType":"TE","Selector":"SL","DataVisibility":{"Private":false,"Hidden":false},"Configuration":{"QuestionDescriptionOption":"UseText"},"QuestionDescription":"If ${e:\/\/Field\/ChildName} has a mental health diagnosis, what is their diagnosis?","Validation":{"Settings":{"ForceResponse":"OFF","Type":"None"}},"GradingData":[],"Language":[],"NextChoiceId":4,"NextAnswerId":1,"SearchSource":{"AllowFreeResponse":"false"}}},{"SurveyID":"SV_byFhMCa3uEUSHki","Element":"SQ","PrimaryAttribute":"QID34","SecondaryAttribute":"If ${e:\/\/Field\/ChildName} has an IEP, what is their special education eligibility (e.g. ASD, SLI,...","TertiaryAttribute":null,"Payload":{"QuestionText":"If ${e:\/\/Field\/ChildName} has an IEP, what is their special education eligibility (e.g. ASD, SLI, Specific learning disability, EI) ?","DataExportTag":"SpecialEducationEligibility","QuestionID":"QID34","QuestionType":"TE","Selector":"SL","QuestionDescription":"If ${e:\/\/Field\/ChildName} has an IEP, what is their special education eligibility (e.g. ASD, SLI,...","Validation":{"Settings":{"ForceResponse":"RequestResponse","ForceResponseType":"RequestResponse","Type":"None"}},"Language":[],"SearchSource":{"AllowFreeResponse":"false"},"DataVisibility":{"Private":false,"Hidden":false},"Configuration":{"QuestionDescriptionOption":"UseText"},"NextChoiceId":1,"NextAnswerId":1}},{"SurveyID":"SV_byFhMCa3uEUSHki","Element":"SQ","PrimaryAttribute":"QID49","SecondaryAttribute":"If ${e:\/\/Field\/ChildName} has been given a mental health diagnosis, who provided the diagnosis (p...","TertiaryAttribute":null,"Payload":{"QuestionText":"If&nbsp;${e:\/\/Field\/ChildName} has been given a mental health diagnosis, who provided the diagnosis (physician, psychologist, counselor, etc.)?","DefaultChoices":false,"DataExportTag":"Q49","QuestionID":"QID49","QuestionType":"TE","Selector":"SL","DataVisibility":{"Private":false,"Hidden":false},"Configuration":{"QuestionDescriptionOption":"UseText"},"QuestionDescription":"If ${e:\/\/Field\/ChildName} has been given a mental health diagnosis, who provided the diagnosis (p...","Validation":{"Settings":{"ForceResponse":"OFF","Type":"None"}},"GradingData":[],"Language":[],"NextChoiceId":4,"NextAnswerId":1,"SearchSource":{"AllowFreeResponse":"false"}}},{"SurveyID":"SV_byFhMCa3uEUSHki","Element":"SQ","PrimaryAttribute":"QID17","SecondaryAttribute":"If so, what is their special education eligibility?","TertiaryAttribute":null,"Payload":{"QuestionText":"If so, what is their special education eligibility?\n\n","QuestionID":"QID17","QuestionType":"TE","Selector":"SL","QuestionDescription":"If so, what is their special education eligibility?","Validation":{"Settings":{"Type":"None"}},"Language":[],"SearchSource":{"AllowFreeResponse":"false"},"DataExportTag":"QID17"}},{"SurveyID":"SV_byFhMCa3uEUSHki","Element":"SQ","PrimaryAttribute":"QID54","SecondaryAttribute":"Including the time in your current position, how many years have you worked in a childcare facility?","TertiaryAttribute":null,"Payload":{"QuestionText":"Including the time in your current position, how many years have you worked in a childcare facility?","DefaultChoices":false,"DataExportTag":"Q54","QuestionType":"TE","Selector":"SL","DataVisibility":{"Private":false,"Hidden":false},"Configuration":{"QuestionDescriptionOption":"UseText"},"QuestionDescription":"Including the time in your current position, how many years have you worked in a childcare facility?","Validation":{"Settings":{"ForceResponse":"OFF","Type":"None"}},"GradingData":[],"Language":[],"NextChoiceId":4,"NextAnswerId":1,"SearchSource":{"AllowFreeResponse":"false"},"QuestionID":"QID54"}},{"SurveyID":"SV_byFhMCa3uEUSHki","Element":"SQ","PrimaryAttribute":"QID41","SecondaryAttribute":"Is the other caregiver a legal guardian of the focus child?","TertiaryAttribute":null,"Payload":{"QuestionText":"Is the other caregiver a legal guardian of the focus child?","DataExportTag":"Q41","QuestionType":"MC","Selector":"SAVR","SubSelector":"TX","DataVisibility":{"Private":false,"Hidden":false},"Configuration":{"QuestionDescriptionOption":"UseText"},"QuestionDescription":"Is the other caregiver a legal guardian of the focus child?","Choices":{"1":{"Display":"Yes"},"2":{"Display":"No"}},"ChoiceOrder":["1","2"],"Validation":{"Settings":{"Type":"None"}},"Language":[],"NextChoiceId":3,"NextAnswerId":1,"QuestionID":"QID41","DisplayLogic":{"0":{"0":{"LogicType":"Question","LeftOperand":"q:\/\/undefined\/undefined","Type":"Expression","Description":"<span class=\"Error\">Invalid Logic<\/span> <a href=\"javascript:void(0)\" clickcallback=\"Qualtrics.DisplayLogic.edit:DL_10729213\" instanceid=\"LE_84998696\">Click Here to Edit Logic<\/a>"},"Type":"If"},"Type":"BooleanExpression","inPage":false}}},{"SurveyID":"SV_byFhMCa3uEUSHki","Element":"SQ","PrimaryAttribute":"QID51","SecondaryAttribute":"Please provide a brief description of your program, including how many years you have been enrolled.","TertiaryAttribute":null,"Payload":{"QuestionText":"Please provide a brief description of your program, including how many years you have been enrolled.","DefaultChoices":false,"DataExportTag":"Q51","QuestionID":"QID51","QuestionType":"TE","Selector":"SL","DataVisibility":{"Private":false,"Hidden":false},"Configuration":{"QuestionDescriptionOption":"UseText"},"QuestionDescription":"Please provide a brief description of your program, including how many years you have been enrolled.","DisplayLogic":{"0":{"0":{"LogicType":"Question","QuestionID":"QID50","QuestionIsInLoop":"no","ChoiceLocator":"q:\/\/QID50\/SelectableChoice\/1","Operator":"Selected","QuestionIDFromLocator":"QID50","LeftOperand":"q:\/\/QID50\/SelectableChoice\/1","Type":"Expression","Description":"<span class=\"ConjDesc\">If<\/span> <span class=\"QuestionDesc\">Are you currently enrolled in any educational or training programs?<\/span> <span class=\"LeftOpDesc\">Yes<\/span> <span class=\"OpDesc\">Is Selected<\/span> "},"Type":"If"},"Type":"BooleanExpression","inPage":false},"Validation":{"Settings":{"ForceResponse":"OFF","Type":"None"}},"GradingData":[],"Language":[],"NextChoiceId":4,"NextAnswerId":1,"SearchSource":{"AllowFreeResponse":"false"}}},{"SurveyID":"SV_byFhMCa3uEUSHki","Element":"SQ","PrimaryAttribute":"QID40","SecondaryAttribute":"Postal or Zip Code:","TertiaryAttribute":null,"Payload":{"QuestionText":"Postal or Zip Code:","DefaultChoices":false,"DataExportTag":"Zip","QuestionType":"TE","Selector":"SL","DataVisibility":{"Private":false,"Hidden":false},"Configuration":{"QuestionDescriptionOption":"UseText"},"QuestionDescription":"Postal or Zip Code:","Validation":{"Settings":{"ForceResponse":"RequestResponse","ForceResponseType":"RequestResponse","Type":"None","MinChars":"1","ContentType":null,"ValidDateType":"DateWithFormat","ValidPhoneType":"ValidUSPhone","ValidZipType":"ValidUSZip","ValidNumber":{"Min":"","Max":"","NumDecimals":""}}},"GradingData":[],"Language":[],"NextChoiceId":4,"NextAnswerId":1,"SearchSource":{"AllowFreeResponse":"false"},"QuestionID":"QID40"}},{"SurveyID":"SV_byFhMCa3uEUSHki","Element":"SQ","PrimaryAttribute":"QID42","SecondaryAttribute":"Thank you for participating! Please remember that participation is voluntary. If you haven't down...","TertiaryAttribute":null,"Payload":{"QuestionText":"<p><strong>Thank you for participating!<\/strong><br>\n<br>\nPlease remember that participation is voluntary. If you haven't downloaded the documentation yet, we recommend doing so now for your records. <a target=\"_blank\" href=\"https:\/\/cmich.co1.qualtrics.com\/CP\/File.php?F=F_2YBbGa437ZFrqpq\" rel=\"noopener\">Click here to access the documentation.<\/a><br>\n<br>\nYou'll be sharing private information with the Research Team. If you're uncomfortable with any question, feel free to skip any questions.<br>\n<br>\nIf you have any questions or concerns, don't hesitate to reach out using the contact information provided below.<\/p>","DefaultChoices":false,"DataExportTag":"Intro","QuestionType":"DB","Selector":"TB","Configuration":{"QuestionDescriptionOption":"UseText"},"QuestionDescription":"Thank you for participating! Please remember that participation is voluntary. If you haven't down...","ChoiceOrder":[],"Validation":{"Settings":{"Type":"None"}},"GradingData":[],"Language":[],"NextChoiceId":4,"NextAnswerId":1,"QuestionID":"QID42","DataVisibility":{"Private":false,"Hidden":false}}},{"SurveyID":"SV_byFhMCa3uEUSHki","Element":"SQ","PrimaryAttribute":"QID44","SecondaryAttribute":"This concludes your digital enrollment. We will contact you within one week to schedule an appoin...","TertiaryAttribute":null,"Payload":{"QuestionText":"This concludes your digital enrollment.<br \/>\n<br \/>\nWe will contact you within one week to schedule an appointment to begin the research.&nbsp;<br \/>\n<br \/>\nIf you have any questions or concers please use the contact information below or you can contact someone outside of the research team here:<br \/>\n&nbsp;\n<div style=\"margin-left: 40px;\">Central Michigan University Institutional Review Board<br \/>\n600 East Preston Street,<br \/>\nFoust Hall 104<br \/>\nMount Pleasant, MI 48859<br \/>\nPhone: <a href=\"tel:9897746401\">(989) 774-6401<\/a><br \/>\nEmail: <a href=\"mailto:researchconcern@cmich.edu?subject=IRB%20Study%202023-247\">researchconcern@cmich.edu<\/a><\/div>\n<br \/>\nThank you again for your participation and we look forward to meeting you soon!","DefaultChoices":false,"DataExportTag":"Q44","QuestionType":"DB","Selector":"TB","Configuration":{"QuestionDescriptionOption":"UseText"},"QuestionDescription":"This concludes your digital enrollment. We will contact you within one week to schedule an appoin...","ChoiceOrder":[],"Validation":{"Settings":{"Type":"None"}},"GradingData":[],"Language":[],"NextChoiceId":4,"NextAnswerId":1,"QuestionID":"QID44","DataVisibility":{"Private":false,"Hidden":false}}},{"SurveyID":"SV_byFhMCa3uEUSHki","Element":"SQ","PrimaryAttribute":"QID45","SecondaryAttribute":"This concludes your digital enrollment. Your responses have been submitted. We will contact you w...","TertiaryAttribute":null,"Payload":{"QuestionText":"This concludes your digital enrollment. Your responses have been submitted.<br \/>\n<br \/>\nWe will contact you within one week to schedule an appointment to begin the research.&nbsp;<br \/>\n<br \/>\nIf you have any questions or concers please use the contact information below or you can contact someone outside of the research team here:<br \/>\n<br \/>\nCentral Michigan University Institutional Review Board<br \/>\n600 East Preston Street,<br \/>\nFoust Hall 104<br \/>\nMount Pleasant, MI 48859<br \/>\nPhone:&nbsp;<a href=\"tel:9897746401\">(989) 774-6401<\/a><br \/>\nEmail:&nbsp;<a href=\"mailto:researchconcern@cmich.edu?subject=IRB%20Study%202023-247\">researchconcern@cmich.edu<\/a><br \/>\n<br \/>\nThank you again for your participation and we look forward to meeting you soon!Click to write the question text","DefaultChoices":false,"DataExportTag":"Outro","QuestionType":"DB","Selector":"TB","Configuration":{"QuestionDescriptionOption":"UseText"},"QuestionDescription":"This concludes your digital enrollment. Your responses have been submitted. We will contact you w...","ChoiceOrder":[],"Validation":{"Settings":{"Type":"None"}},"GradingData":[],"Language":[],"NextChoiceId":4,"NextAnswerId":1,"QuestionID":"QID45"}},{"SurveyID":"SV_byFhMCa3uEUSHki","Element":"SQ","PrimaryAttribute":"QID43","SecondaryAttribute":"What days and times would you and ${e:\/\/Field\/ChildName} likely be availiable for research appoin...","TertiaryAttribute":null,"Payload":{"QuestionText":"What days and times would you and ${e:\/\/Field\/ChildName} likely be availiable for research appointments? Recall that these appointments will last an hour. Please select multiple if it will fit your schedule.&nbsp;<br>","DefaultChoices":false,"DataExportTag":"Day.Time_Preference","QuestionID":"QID43","QuestionType":"Matrix","Selector":"Likert","SubSelector":"MultipleAnswer","Configuration":{"QuestionDescriptionOption":"UseText","TextPosition":"inline","ChoiceColumnWidth":25,"RepeatHeaders":"none","WhiteSpace":"OFF","MobileFirst":true},"QuestionDescription":"What days and times would you and ${e:\/\/Field\/ChildName} likely be availiable for research appoin...","Choices":{"4":{"Display":"Monday"},"5":{"Display":"Tuesday"},"7":{"Display":"Thursday"},"8":{"Display":"Friday"}},"ChoiceOrder":["4","5","7","8"],"Validation":{"Settings":{"ForceResponse":"OFF","Type":"None"}},"GradingData":[],"Language":[],"NextChoiceId":9,"NextAnswerId":7,"Answers":{"1":{"Display":"8 AM - 10:59 AM"},"2":{"Display":"11 AM - 1:59 PM"},"4":{"Display":"2 PM - 4:59 PM"},"5":{"Display":"5 PM - 7 PM"}},"AnswerOrder":["1","2","4","5"],"ChoiceDataExportTags":false,"DataVisibility":{"Private":false,"Hidden":false},"QuestionJS":false}},{"SurveyID":"SV_byFhMCa3uEUSHki","Element":"SQ","PrimaryAttribute":"QID31","SecondaryAttribute":"What is ${e:\/\/Field\/ChildName}'s current age in years?","TertiaryAttribute":null,"Payload":{"QuestionText":"What is ${e:\/\/Field\/ChildName}'s current age in years?","DataExportTag":"FocusChildAge","QuestionID":"QID31","QuestionType":"TE","Selector":"SL","QuestionDescription":"What is ${e:\/\/Field\/ChildName}'s current age in years?","Validation":{"Settings":{"ForceResponse":"RequestResponse","ForceResponseType":"RequestResponse","Type":"None"}},"Language":[],"SearchSource":{"AllowFreeResponse":"false"},"DataVisibility":{"Private":false,"Hidden":false},"Configuration":{"QuestionDescriptionOption":"UseText"},"NextChoiceId":1,"NextAnswerId":1}},{"SurveyID":"SV_byFhMCa3uEUSHki","Element":"SQ","PrimaryAttribute":"QID13","SecondaryAttribute":"What is the first name of one child you would like to focus on during this research?","TertiaryAttribute":null,"Payload":{"QuestionText":"What is the first name of one child you would like to focus on during this research?\n\n","QuestionID":"QID13","QuestionType":"TE","Selector":"SL","QuestionDescription":"What is the first name of one child you would like to focus on during this research?","Validation":{"Settings":{"Type":"None"}},"Language":[],"SearchSource":{"AllowFreeResponse":"false"},"DataExportTag":"QID13"}},{"SurveyID":"SV_byFhMCa3uEUSHki","Element":"SQ","PrimaryAttribute":"QID30","SecondaryAttribute":"What is the first name of the child you would like to focus on during this research?","TertiaryAttribute":null,"Payload":{"QuestionText":"What is the <u>first name<\/u> of the child you would like to focus on during this research?","DataExportTag":"FocusChildFirstName","QuestionID":"QID30","QuestionType":"TE","Selector":"SL","QuestionDescription":"What is the first name of the child you would like to focus on during this research?","Validation":{"Settings":{"ForceResponse":"RequestResponse","ForceResponseType":"RequestResponse","Type":"None"}},"Language":[],"SearchSource":{"AllowFreeResponse":"false"},"DataVisibility":{"Private":false,"Hidden":false},"Configuration":{"QuestionDescriptionOption":"UseText"},"NextChoiceId":1,"NextAnswerId":1,"DefaultChoices":{"TEXT":{"Text":"Child"}},"QuestionJS":"Qualtrics.SurveyEngine.addOnload(function() {\n    \/*Place your JavaScript here to run when the page loads*\/\n});\n\nQualtrics.SurveyEngine.addOnReady(function() {\n    \/*Place your JavaScript here to run when the page is fully displayed*\/\n});\n\nQualtrics.SurveyEngine.addOnUnload(function() {\n    \/*Place your JavaScript here to run when the page is unloaded*\/\n});\n\nQualtrics.SurveyEngine.addOnPageSubmit(function(type) {\n    if (type === 'next') {\n        var questionID = 'QID30';\n        var question = Qualtrics.SurveyEngine.getInstance(questionID);\n        var answer = jQuery('#' + questionID + ' input[type=\"text\"]').val();\n\n        console.log('Question instance:', question);\n        console.log('Answer:', answer);\n\n        \/\/ Save the answer to embedded data\n        Qualtrics.SurveyEngine.setEmbeddedData('ChildName', answer);\n        \n        \/\/ Output ChildName embedded data variable\n        console.log('ChildName:', Qualtrics.SurveyEngine.getEmbeddedData('ChildName'));\n\n        \/\/ Reset the question answer using jQuery\n        jQuery('#' + questionID + ' input[type=\"text\"]').val('');\n    }\n});"}},{"SurveyID":"SV_byFhMCa3uEUSHki","Element":"SQ","PrimaryAttribute":"QID14","SecondaryAttribute":"What is the focus child's current age in years?","TertiaryAttribute":null,"Payload":{"QuestionText":"What is the focus child's current age in years?\n\n","QuestionID":"QID14","QuestionType":"TE","Selector":"SL","QuestionDescription":"What is the focus child's current age in years?","Validation":{"Settings":{"Type":"None"}},"Language":[],"SearchSource":{"AllowFreeResponse":"false"},"DataExportTag":"QID14"}},{"SurveyID":"SV_byFhMCa3uEUSHki","Element":"SQ","PrimaryAttribute":"QID11","SecondaryAttribute":"What is the highest level of schooling you have completed?","TertiaryAttribute":null,"Payload":{"QuestionText":"What is the highest level of schooling you have completed?\n","DataExportTag":"Highest_Schooling","QuestionID":"QID11","QuestionType":"MC","Selector":"SAVR","SubSelector":"TX","QuestionDescription":"What is the highest level of schooling you have completed?","Choices":{"1":{"Display":"Grade School"},"2":{"Display":"High School"},"3":{"Display":"College or technical school"},"4":{"Display":"University Degree"},"5":{"Display":"Post-Graduate Degree (e.g. PhD, MD, MA, MSc)"},"6":{"Display":"Prefer not to answer"}},"ChoiceOrder":["1","2","3","4","5","6"],"Validation":{"Settings":{"Type":"None"}},"Language":[]}},{"SurveyID":"SV_byFhMCa3uEUSHki","Element":"SQ","PrimaryAttribute":"QID28","SecondaryAttribute":"What is the highest level of schooling you have completed?","TertiaryAttribute":null,"Payload":{"QuestionText":"What is the highest level of schooling you have completed?\n","DataExportTag":"Highest_Schooling-1","QuestionID":"QID28","QuestionType":"MC","Selector":"SAVR","SubSelector":"TX","QuestionDescription":"What is the highest level of schooling you have completed?","Choices":{"1":{"Display":"Grade School"},"2":{"Display":"High School"},"3":{"Display":"College or technical school"},"4":{"Display":"University Degree"},"5":{"Display":"Post-Graduate Degree (e.g. PhD, MD, MA, MSc)"},"6":{"Display":"Prefer not to answer"}},"ChoiceOrder":["1","2","3","4","5","6"],"Validation":{"Settings":{"ForceResponse":"RequestResponse","ForceResponseType":"RequestResponse","Type":"None"}},"Language":[],"DataVisibility":{"Private":false,"Hidden":false},"Configuration":{"QuestionDescriptionOption":"UseText"},"NextChoiceId":7,"NextAnswerId":1}},{"SurveyID":"SV_byFhMCa3uEUSHki","Element":"SQ","PrimaryAttribute":"QID53","SecondaryAttribute":"What is the title of your current position?","TertiaryAttribute":null,"Payload":{"QuestionText":"What is the title of your current position?","DefaultChoices":false,"DataExportTag":"Q53","QuestionID":"QID53","QuestionType":"TE","Selector":"SL","DataVisibility":{"Private":false,"Hidden":false},"Configuration":{"QuestionDescriptionOption":"UseText"},"QuestionDescription":"What is the title of your current position?","Validation":{"Settings":{"ForceResponse":"OFF","Type":"None"}},"GradingData":[],"Language":[],"NextChoiceId":4,"NextAnswerId":1,"SearchSource":{"AllowFreeResponse":"false"}}},{"SurveyID":"SV_byFhMCa3uEUSHki","Element":"SQ","PrimaryAttribute":"QID4","SecondaryAttribute":"What is your contact prefence?","TertiaryAttribute":null,"Payload":{"QuestionText":"What is your contact prefence?","QuestionID":"QID4","QuestionType":"MC","Selector":"SAVR","SubSelector":"TX","QuestionDescription":"What is your contact prefence?","Choices":{"1":{"Display":"Email"},"2":{"Display":"Voice"},"3":{"Display":"Text"}},"ChoiceOrder":["1","2","3"],"Validation":{"Settings":{"ForceResponse":"RequestResponse","ForceResponseType":"RequestResponse","Type":"None"}},"Language":[],"DataExportTag":"Contact Preference","DataVisibility":{"Private":false,"Hidden":false},"Configuration":{"QuestionDescriptionOption":"UseText"},"NextChoiceId":4,"NextAnswerId":1}},{"SurveyID":"SV_byFhMCa3uEUSHki","Element":"SQ","PrimaryAttribute":"QID7","SecondaryAttribute":"What is your current age - in years?","TertiaryAttribute":null,"Payload":{"QuestionText":"What is your current age - in years?\n\n","QuestionID":"QID7","QuestionType":"TE","Selector":"SL","QuestionDescription":"What is your current age - in years?","Validation":{"Settings":{"Type":"None"}},"Language":[],"SearchSource":{"AllowFreeResponse":"false"},"DataExportTag":"QID7"}},{"SurveyID":"SV_byFhMCa3uEUSHki","Element":"SQ","PrimaryAttribute":"QID24","SecondaryAttribute":"What is your current age - in years?","TertiaryAttribute":null,"Payload":{"QuestionText":"What is your current age - in years?\n\n","DataExportTag":"CurrentAge","QuestionID":"QID24","QuestionType":"TE","Selector":"SL","QuestionDescription":"What is your current age - in years?","Validation":{"Settings":{"ForceResponse":"RequestResponse","ForceResponseType":"RequestResponse","Type":"None"}},"Language":[],"SearchSource":{"AllowFreeResponse":"false"},"DataVisibility":{"Private":false,"Hidden":false},"Configuration":{"QuestionDescriptionOption":"UseText"},"NextChoiceId":1,"NextAnswerId":1}},{"SurveyID":"SV_byFhMCa3uEUSHki","Element":"SQ","PrimaryAttribute":"QID3","SecondaryAttribute":"What is your email address?","TertiaryAttribute":null,"Payload":{"QuestionText":"What is your email address?\n\n","QuestionID":"QID3","QuestionType":"TE","Selector":"SL","QuestionDescription":"What is your email address?","Validation":{"Settings":{"Type":"None"}},"Language":[],"SearchSource":{"AllowFreeResponse":"false"},"DataExportTag":"Email","DataVisibility":{"Private":false,"Hidden":false},"Configuration":{"QuestionDescriptionOption":"UseText"},"NextChoiceId":1,"NextAnswerId":1}},{"SurveyID":"SV_byFhMCa3uEUSHki","Element":"SQ","PrimaryAttribute":"QID20","SecondaryAttribute":"What is your email address?","TertiaryAttribute":null,"Payload":{"QuestionText":"What is your email address?\n\n","DataExportTag":"EmailAddress","QuestionID":"QID20","QuestionType":"TE","Selector":"SL","QuestionDescription":"What is your email address?","Validation":{"Settings":{"ForceResponse":"RequestResponse","ForceResponseType":"RequestResponse","Type":"None","MinChars":"1","ContentType":null,"ValidDateType":"DateWithFormat","ValidPhoneType":"ValidUSPhone","ValidZipType":"ValidUSZip","ValidNumber":{"Min":"","Max":"","NumDecimals":""}}},"Language":[],"SearchSource":{"AllowFreeResponse":"false"},"DataVisibility":{"Private":false,"Hidden":false},"Configuration":{"QuestionDescriptionOption":"UseText"},"NextChoiceId":1,"NextAnswerId":1}},{"SurveyID":"SV_byFhMCa3uEUSHki","Element":"SQ","PrimaryAttribute":"QID2","SecondaryAttribute":"What is your first name?","TertiaryAttribute":null,"Payload":{"QuestionText":"What is your first name?\n\n","QuestionID":"QID2","QuestionType":"TE","Selector":"SL","QuestionDescription":"What is your first name?","Validation":{"Settings":{"Type":"None"}},"Language":[],"SearchSource":{"AllowFreeResponse":"false"},"DataExportTag":"Name","DataVisibility":{"Private":false,"Hidden":false},"Configuration":{"QuestionDescriptionOption":"UseText"},"NextChoiceId":1,"NextAnswerId":1}},{"SurveyID":"SV_byFhMCa3uEUSHki","Element":"SQ","PrimaryAttribute":"QID19","SecondaryAttribute":"What is your first name?","TertiaryAttribute":null,"Payload":{"QuestionText":"What is your first name?\n\n","DataExportTag":"FirstName","QuestionID":"QID19","QuestionType":"TE","Selector":"SL","QuestionDescription":"What is your first name?","Validation":{"Settings":{"ForceResponse":"RequestResponse","ForceResponseType":"RequestResponse","Type":"None"}},"Language":[],"SearchSource":{"AllowFreeResponse":"false"},"DataVisibility":{"Private":false,"Hidden":false},"Configuration":{"QuestionDescriptionOption":"UseText"},"NextChoiceId":1,"NextAnswerId":1}},{"SurveyID":"SV_byFhMCa3uEUSHki","Element":"SQ","PrimaryAttribute":"QID8","SecondaryAttribute":"What is your gender?","TertiaryAttribute":null,"Payload":{"QuestionText":"What is your gender?\n","DataExportTag":"Gender","QuestionID":"QID8","QuestionType":"MC","Selector":"SAVR","SubSelector":"TX","QuestionDescription":"What is your gender?","Choices":{"1":{"Display":"Male"},"2":{"Display":"Female"},"3":{"Display":"Non-binary"},"4":{"Display":"Other"},"5":{"Display":"Prefer not to answer"}},"ChoiceOrder":["1","2","3","4","5"],"Validation":{"Settings":{"Type":"None"}},"Language":[]}},{"SurveyID":"SV_byFhMCa3uEUSHki","Element":"SQ","PrimaryAttribute":"QID25","SecondaryAttribute":"What is your gender?","TertiaryAttribute":null,"Payload":{"QuestionText":"What is your gender?\n","DataExportTag":"Gender-1","QuestionID":"QID25","QuestionType":"MC","Selector":"SAVR","SubSelector":"TX","QuestionDescription":"What is your gender?","Choices":{"1":{"Display":"Male"},"2":{"Display":"Female"},"3":{"Display":"Non-binary"},"4":{"Display":"Other"},"5":{"Display":"Prefer not to answer"}},"ChoiceOrder":["1","2","3","4","5"],"Validation":{"Settings":{"ForceResponse":"RequestResponse","ForceResponseType":"RequestResponse","Type":"None"}},"Language":[],"DataVisibility":{"Private":false,"Hidden":false},"Configuration":{"QuestionDescriptionOption":"UseText"},"NextChoiceId":6,"NextAnswerId":1}},{"SurveyID":"SV_byFhMCa3uEUSHki","Element":"SQ","PrimaryAttribute":"QID6","SecondaryAttribute":"What is your home address?","TertiaryAttribute":null,"Payload":{"QuestionText":"What is your home address?\n\n","QuestionID":"QID6","QuestionType":"TE","Selector":"SL","QuestionDescription":"What is your home address?","Validation":{"Settings":{"ForceResponse":"OFF","Type":"None"}},"Language":[],"SearchSource":{"AllowFreeResponse":"false"},"DataExportTag":"Street Address","DataVisibility":{"Private":false,"Hidden":false},"Configuration":{"QuestionDescriptionOption":"UseText"},"NextChoiceId":1,"NextAnswerId":1,"DefaultChoices":false,"GradingData":[]}},{"SurveyID":"SV_byFhMCa3uEUSHki","Element":"SQ","PrimaryAttribute":"QID22","SecondaryAttribute":"What is your phone number","TertiaryAttribute":null,"Payload":{"QuestionText":"What is your phone number","DataExportTag":"PhoneNumber","QuestionID":"QID22","QuestionType":"TE","Selector":"SL","QuestionDescription":"What is your phone number","Validation":{"Settings":{"ForceResponse":"RequestResponse","ForceResponseType":"RequestResponse","Type":"None","MinChars":"1","ContentType":null,"ValidDateType":"DateWithFormat","ValidPhoneType":"ValidUSPhone","ValidZipType":"ValidUSZip","ValidNumber":{"Min":"","Max":"","NumDecimals":""}}},"Language":[],"SearchSource":{"AllowFreeResponse":"false"},"DataVisibility":{"Private":false,"Hidden":false},"Configuration":{"QuestionDescriptionOption":"UseText"},"NextChoiceId":1,"NextAnswerId":1}},{"SurveyID":"SV_byFhMCa3uEUSHki","Element":"SQ","PrimaryAttribute":"QID5","SecondaryAttribute":"What is your phone number.","TertiaryAttribute":null,"Payload":{"QuestionText":"What is your phone number.","QuestionID":"QID5","QuestionType":"TE","Selector":"SL","QuestionDescription":"What is your phone number.","Validation":{"Settings":{"Type":"None"}},"Language":[],"SearchSource":{"AllowFreeResponse":"false"},"DataExportTag":"Phone","DataVisibility":{"Private":false,"Hidden":false},"Configuration":{"QuestionDescriptionOption":"UseText"},"NextChoiceId":1,"NextAnswerId":1}},{"SurveyID":"SV_byFhMCa3uEUSHki","Element":"SQ","PrimaryAttribute":"QID55","SecondaryAttribute":"What is your racial or ethnic identity? (Please select all that apply)","TertiaryAttribute":null,"Payload":{"QuestionText":"What is your racial or ethnic identity? (Please select all that apply)","DataExportTag":"Q55","QuestionType":"MC","Selector":"MAVR","SubSelector":"TX","DataVisibility":{"Private":false,"Hidden":false},"Configuration":{"QuestionDescriptionOption":"UseText"},"QuestionDescription":"What is your racial or ethnic identity? (Please select all that apply)","Choices":{"1":{"Display":"American Indian or Alaska Native"},"4":{"Display":"Asian"},"5":{"Display":"Black or African American"},"6":{"Display":"Hispanic, Latinx, or Spanish origin"},"7":{"Display":"Middle Eastern or North African"},"8":{"Display":"Native Hawaiian or Other Pacific Islander"},"9":{"Display":"White"},"10":{"Display":"Another race or ethnicity not listed above"},"11":{"Display":"Prefer not to answer"}},"ChoiceOrder":["1","4","5","6","7","8","9","10","11"],"Validation":{"Settings":{"ForceResponse":"OFF","Type":"None"}},"Language":[],"NextChoiceId":12,"NextAnswerId":1,"QuestionID":"QID55"}},{"SurveyID":"SV_byFhMCa3uEUSHki","Element":"SQ","PrimaryAttribute":"QID18","SecondaryAttribute":"What is your relationship to this child?","TertiaryAttribute":null,"Payload":{"QuestionText":"What is your relationship to this child?\n","DataExportTag":"Relationship","QuestionID":"QID18","QuestionType":"MC","Selector":"SAVR","SubSelector":"TX","QuestionDescription":"What is your relationship to this child?","Choices":{"1":{"Display":"Parent"},"2":{"Display":"Adoptive Parent"},"3":{"Display":"Foster Parent"},"4":{"Display":"Grand Parent"},"5":{"Display":"Other"},"6":{"Display":"Robert Wyse"},"7":{"Display":"Some of the questions do not have an [[ID:]]"},"8":{"Display":"Apologies for that oversight. Here is the corrected version with [[ID:]] tags for all questions:"}},"ChoiceOrder":["1","2","3","4","5","6","7","8"],"Validation":{"Settings":{"Type":"None"}},"Language":[]}},{"SurveyID":"SV_byFhMCa3uEUSHki","Element":"SQ","PrimaryAttribute":"QID23","SecondaryAttribute":"What is your street number and street name?","TertiaryAttribute":null,"Payload":{"QuestionText":"What is your street number and street name?","DataExportTag":"StreetAddress","QuestionID":"QID23","QuestionType":"TE","Selector":"SL","QuestionDescription":"What is your street number and street name?","Validation":{"Settings":{"ForceResponse":"RequestResponse","ForceResponseType":"RequestResponse","Type":"None","MinChars":"1"}},"Language":[],"SearchSource":{"AllowFreeResponse":"false"},"DataVisibility":{"Private":false,"Hidden":false},"Configuration":{"QuestionDescriptionOption":"UseText"},"NextChoiceId":1,"NextAnswerId":1}},{"SurveyID":"SV_byFhMCa3uEUSHki","Element":"SQ","PrimaryAttribute":"QID37","SecondaryAttribute":"What is your US Zip Code?","TertiaryAttribute":null,"Payload":{"Configuration":{"InputHeight":29,"InputWidth":217,"QuestionDescriptionOption":"UseText"},"DataExportTag":"US Zip Code","DataVisibility":{"Hidden":false,"Private":false},"DefaultChoices":false,"Language":{"DE":{"QuestionText":"Wie lautet Ihre Postleitzahl in den USA?"},"EN-GB":{"QuestionText":"What is your US Zip Code?"},"ES":{"QuestionText":"\u00bfCu\u00e1l es su c\u00f3digo postal en EE. UU.?"},"ES-ES":{"QuestionText":"\u00bfCu\u00e1l es su c\u00f3digo postal de Estados Unidos?"},"FR":{"QuestionText":"Quel est votre code postal\u00a0? (\u00c9tats-Unis)"},"IT":{"QuestionText":"Qual \u00e8 il tuo codice di avviamento postale USA?"},"JA":{"QuestionText":"\u7c73\u56fd\u306e\u90f5\u4fbf\u756a\u53f7\u3092\u304a\u7b54\u3048\u304f\u3060\u3055\u3044\u3002"},"KO":{"QuestionText":"\ubbf8\uad6d \uc6b0\ud3b8\ubc88\ud638\ub294 \ubb34\uc5c7\uc785\ub2c8\uae4c?"},"NL":{"QuestionText":"Wat is uw Amerikaanse postcode?"},"PT-BR":{"QuestionText":"Qual \u00e9 o seu c\u00f3digo postal dos EUA?"},"ZH-S":{"QuestionText":"\u60a8\u7684\u7f8e\u56fd\u90ae\u653f\u7f16\u7801\u662f\u591a\u5c11\uff1f"},"ZH-T":{"QuestionText":"\u60a8\u7684\u7f8e\u570b\u90f5\u905e\u5340\u865f\u70ba\u4f55\uff1f"}},"NextAnswerId":1,"NextChoiceId":4,"QuestionDescription":"What is your US Zip Code?","QuestionText":"What is your US Zip Code?","QuestionText_Unsafe":"What is your US Zip Code?","QuestionType":"TE","ReferenceQuestionConfig":{"instanceOf":{"id":"RQ_HCE7mRbEB1CElW0","version":"v2.0.0"}},"SchemaConfig":{"ConfigVersion":"1.0.0","Reconfirm":true,"URL":"ses:\/\/ZipCode","XMDConnect":true},"SearchSource":{"AllowFreeResponse":"false"},"Selector":"SL","Validation":{"Settings":{"ContentType":"ValidZip","ForceResponse":"OFF","MinChars":"5","Type":"ContentType","ValidDateType":"DateWithFormat","ValidNumber":{"Max":"","Min":"","NumDecimals":""},"ValidPhoneType":"ValidUSPhone","ValidZipType":"ValidUSZip"}},"QuestionID":"QID37"}},{"SurveyID":"SV_byFhMCa3uEUSHki","Element":"SQ","PrimaryAttribute":"QID10","SecondaryAttribute":"Which of the following best describes your MAIN activity?","TertiaryAttribute":null,"Payload":{"QuestionText":"Which of the following best describes your MAIN activity?\n","DataExportTag":"Main_Activity","QuestionID":"QID10","QuestionType":"MC","Selector":"SAVR","SubSelector":"TX","QuestionDescription":"Which of the following best describes your MAIN activity?","Choices":{"1":{"Display":"Part-time Employment"},"2":{"Display":"Full-time Employment"},"3":{"Display":"Caring for family"},"4":{"Display":"Going to School"},"5":{"Display":"Looking for work"},"6":{"Display":"Disability or Illness preventing work or school attendance"},"7":{"Display":"Other"},"8":{"Display":"Prefer not to answer"}},"ChoiceOrder":["1","2","3","4","5","6","7","8"],"Validation":{"Settings":{"Type":"None"}},"Language":[]}},{"SurveyID":"SV_byFhMCa3uEUSHki","Element":"SQ","PrimaryAttribute":"QID27","SecondaryAttribute":"Which of the following best describes your MAIN activity?","TertiaryAttribute":null,"Payload":{"QuestionText":"Which of the following best describes your MAIN activity?\n","DataExportTag":"Main_Activity-1","QuestionID":"QID27","QuestionType":"MC","Selector":"SAVR","SubSelector":"TX","QuestionDescription":"Which of the following best describes your MAIN activity?","Choices":{"1":{"Display":"Part-time Employment"},"2":{"Display":"Full-time Employment"},"7":{"Display":"Other"},"8":{"Display":"Prefer not to answer"}},"ChoiceOrder":["1","2","7","8"],"Validation":{"Settings":{"ForceResponse":"RequestResponse","ForceResponseType":"RequestResponse","Type":"None"}},"Language":[],"DataVisibility":{"Private":false,"Hidden":false},"Configuration":{"QuestionDescriptionOption":"UseText"},"NextChoiceId":9,"NextAnswerId":1}}]}