{"SurveyEntry":{"SurveyID":"SV_0BWLVhR6p61Jqfk","SurveyName":"2023-247 TechPT - Consent and Assent Survey","SurveyDescription":null,"SurveyOwnerID":"UR_6LQU98uGKnACTOt","SurveyBrandID":"cmich","DivisionID":"DV_55fMKHgc4U7VeMR","SurveyLanguage":"EN","SurveyActiveResponseSet":"RS_ehZrJSLgIw6POQu","SurveyStatus":"Active","SurveyStartDate":"0000-00-00 00:00:00","SurveyExpirationDate":"0000-00-00 00:00:00","SurveyCreationDate":"2023-03-24 11:24:44","CreatorID":"UR_6LQU98uGKnACTOt","LastModified":"2024-08-29 09:53:53","LastAccessed":"0000-00-00 00:00:00","LastActivated":"2023-07-26 09:42:42","Deleted":null},"SurveyElements":[{"SurveyID":"SV_0BWLVhR6p61Jqfk","Element":"BL","PrimaryAttribute":"Survey Blocks","SecondaryAttribute":null,"TertiaryAttribute":null,"Payload":{"1":{"Type":"Trash","Description":"Trash \/ Unused Questions","ID":"BL_394SWLQiIoFQDnE","BlockElements":[{"Type":"Question","QuestionID":"QID1"}]},"2":{"Type":"Standard","SubType":"","Description":"Caregiver Consent Documentation","ID":"BL_3syqyWnPD2IKSFM","BlockElements":[{"Type":"Question","QuestionID":"QID2"},{"Type":"Question","QuestionID":"QID3"},{"Type":"Question","QuestionID":"QID4"},{"Type":"Question","QuestionID":"QID5"}]},"3":{"Type":"Standard","SubType":"","Description":"Study Details","ID":"BL_6maE7QimXCID9zw","BlockElements":[{"Type":"Question","QuestionID":"QID6"},{"Type":"Question","QuestionID":"QID7"},{"Type":"Question","QuestionID":"QID8"},{"Type":"Question","QuestionID":"QID9"},{"Type":"Question","QuestionID":"QID10"},{"Type":"Question","QuestionID":"QID11"},{"Type":"Question","QuestionID":"QID12"},{"Type":"Question","QuestionID":"QID13"},{"Type":"Question","QuestionID":"QID14"},{"Type":"Question","QuestionID":"QID15"},{"Type":"Question","QuestionID":"QID16"}]}}},{"SurveyID":"SV_0BWLVhR6p61Jqfk","Element":"FL","PrimaryAttribute":"Survey Flow","SecondaryAttribute":null,"TertiaryAttribute":null,"Payload":{"Type":"Root","FlowID":"FL_1","Flow":[{"Type":"Standard","ID":"BL_3syqyWnPD2IKSFM","FlowID":"FL_3","Autofill":[]},{"Type":"Standard","ID":"BL_6maE7QimXCID9zw","FlowID":"FL_4","Autofill":[]}],"Properties":{"Count":4}}},{"SurveyID":"SV_0BWLVhR6p61Jqfk","Element":"PL","PrimaryAttribute":"Preview Link","SecondaryAttribute":null,"TertiaryAttribute":null,"Payload":{"PreviewType":"Brand","PreviewID":"3ee67885-4f29-4cc9-b14b-9405cdf80e20"}},{"SurveyID":"SV_0BWLVhR6p61Jqfk","Element":"SO","PrimaryAttribute":"Survey Options","SecondaryAttribute":null,"TertiaryAttribute":null,"Payload":{"BackButton":"false","SaveAndContinue":"true","SurveyProtection":"PublicSurvey","BallotBoxStuffingPrevention":"false","NoIndex":"Yes","SecureResponseFiles":"true","SurveyExpiration":"None","SurveyTermination":"DefaultMessage","Header":"","Footer":"","ProgressBarDisplay":"None","PartialData":"+1 week","ValidationMessage":"","PreviousButton":"","NextButton":"","SurveyTitle":"Qualtrics Survey | Qualtrics Experience Management","SkinLibrary":"cmich","SkinType":"MQ","Skin":"cmich_1","NewScoring":1,"SurveyMetaDescription":"The most powerful, simple and trusted way to gather experience data. Start your journey to experience management and try a free account today.","SurveyName":"2023-247 TechPT - Consent and Assent Survey","ProtectSelectionIds":true}},{"SurveyID":"SV_0BWLVhR6p61Jqfk","Element":"SCO","PrimaryAttribute":"Scoring","SecondaryAttribute":null,"TertiaryAttribute":null,"Payload":{"ScoringCategories":[],"ScoringCategoryGroups":[],"ScoringSummaryCategory":null,"ScoringSummaryAfterQuestions":0,"ScoringSummaryAfterSurvey":0,"DefaultScoringCategory":null,"AutoScoringCategory":null}},{"SurveyID":"SV_0BWLVhR6p61Jqfk","Element":"PROJ","PrimaryAttribute":"CORE","SecondaryAttribute":null,"TertiaryAttribute":"1.1.0","Payload":{"ProjectCategory":"CORE","SchemaVersion":"1.1.0"}},{"SurveyID":"SV_0BWLVhR6p61Jqfk","Element":"STAT","PrimaryAttribute":"Survey Statistics","SecondaryAttribute":null,"TertiaryAttribute":null,"Payload":{"MobileCompatible":true,"ID":"Survey Statistics"}},{"SurveyID":"SV_0BWLVhR6p61Jqfk","Element":"QC","PrimaryAttribute":"Survey Question Count","SecondaryAttribute":"16","TertiaryAttribute":null,"Payload":null},{"SurveyID":"SV_0BWLVhR6p61Jqfk","Element":"SQ","PrimaryAttribute":"QID12","SecondaryAttribute":"Alternative treatments","TertiaryAttribute":null,"Payload":{"QuestionText":"Alternative treatments\n","DataExportTag":"Alternative_Treatments","QuestionID":"QID12","QuestionType":"MC","Selector":"MAVR","SubSelector":"TX","QuestionDescription":"Alternative treatments","Choices":{"1":{"Display":"Availability of community resources"},"2":{"Display":"Discuss additional options with case manager"},"3":{"Display":"Advocacy rescources"},"4":{"Display":"ABA criticism and alternative approaches"}},"ChoiceOrder":["1","2","3","4"],"Validation":{"Settings":{"Type":"None"}},"Language":[],"DataVisibility":{"Private":false,"Hidden":false},"Configuration":{"QuestionDescriptionOption":"UseText"},"NextChoiceId":5,"NextAnswerId":1}},{"SurveyID":"SV_0BWLVhR6p61Jqfk","Element":"SQ","PrimaryAttribute":"QID2","SecondaryAttribute":"CaregiverID:","TertiaryAttribute":null,"Payload":{"QuestionText":"CaregiverID:\n\n","QuestionID":"QID2","QuestionType":"TE","Selector":"SL","QuestionDescription":"CaregiverID:","Validation":{"Settings":{"Type":"None"}},"Language":[],"SearchSource":{"AllowFreeResponse":"false"},"DataExportTag":"QID2"}},{"SurveyID":"SV_0BWLVhR6p61Jqfk","Element":"SQ","PrimaryAttribute":"QID16","SecondaryAttribute":"Child assent","TertiaryAttribute":null,"Payload":{"QuestionText":"Child assent\n","DataExportTag":"Child_Assent","QuestionID":"QID16","QuestionType":"MC","Selector":"MAVR","SubSelector":"TX","QuestionDescription":"Child assent","Choices":{"1":{"Display":"Child Assent script read to child"},"2":{"Display":"Child verbally assented"},"3":{"Display":"Child refused assent"},"4":{"Display":"Child unable to engage in assent"},"5":{"Display":"Child provided written assent"}},"ChoiceOrder":["1","2","5","3","4"],"Validation":{"Settings":{"Type":"None"}},"Language":[],"DataVisibility":{"Private":false,"Hidden":false},"Configuration":{"QuestionDescriptionOption":"UseText"},"NextChoiceId":6,"NextAnswerId":1}},{"SurveyID":"SV_0BWLVhR6p61Jqfk","Element":"SQ","PrimaryAttribute":"QID1","SecondaryAttribute":"Click to write the question text","TertiaryAttribute":null,"Payload":{"QuestionText":"Click to write the question text","DataExportTag":"Q1","QuestionType":"MC","Selector":"SAVR","SubSelector":"TX","Configuration":{"QuestionDescriptionOption":"UseText"},"QuestionDescription":"Click to write the question text","Choices":{"1":{"Display":"Click to write Choice 1"},"2":{"Display":"Click to write Choice 2"},"3":{"Display":"Click to write Choice 3"}},"ChoiceOrder":["1","2","3"],"Validation":{"Settings":{"ForceResponse":"OFF","Type":"None"}},"Language":[],"NextChoiceId":4,"NextAnswerId":1,"QuestionID":"QID1"}},{"SurveyID":"SV_0BWLVhR6p61Jqfk","Element":"SQ","PrimaryAttribute":"QID14","SecondaryAttribute":"Contact information","TertiaryAttribute":null,"Payload":{"QuestionText":"Contact information\n","DataExportTag":"Contact_Info","QuestionID":"QID14","QuestionType":"MC","Selector":"MAVR","SubSelector":"TX","QuestionDescription":"Contact information","Choices":{"1":{"Display":"How to contact Primary Investigator"},"2":{"Display":"How to contact co-investigator"},"3":{"Display":"How to contact IRB"}},"ChoiceOrder":["1","2","3"],"Validation":{"Settings":{"Type":"None"}},"Language":[]}},{"SurveyID":"SV_0BWLVhR6p61Jqfk","Element":"SQ","PrimaryAttribute":"QID13","SecondaryAttribute":"Data","TertiaryAttribute":null,"Payload":{"QuestionText":"Data\n","DataExportTag":"Data","QuestionID":"QID13","QuestionType":"MC","Selector":"MAVR","SubSelector":"TX","QuestionDescription":"Data","Choices":{"1":{"Display":"De-identified data may be used in the future for research or training with a wide audience."},"2":{"Display":"Following withdraw, data will be analyzed unless requested to delete"}},"ChoiceOrder":["1","2"],"Validation":{"Settings":{"Type":"None"}},"Language":[]}},{"SurveyID":"SV_0BWLVhR6p61Jqfk","Element":"SQ","PrimaryAttribute":"QID4","SecondaryAttribute":"Date of meeting with caregiver and researcher:","TertiaryAttribute":null,"Payload":{"QuestionText":"Date of meeting with caregiver and researcher:\n\n","QuestionID":"QID4","QuestionType":"TE","Selector":"SL","QuestionDescription":"Date of meeting with caregiver and researcher:","Validation":{"Settings":{"Type":"None"}},"Language":[],"SearchSource":{"AllowFreeResponse":"false"},"DataExportTag":"QID4"}},{"SurveyID":"SV_0BWLVhR6p61Jqfk","Element":"SQ","PrimaryAttribute":"QID3","SecondaryAttribute":"Date of online consent:","TertiaryAttribute":null,"Payload":{"QuestionText":"Date of online consent:\n\n","QuestionID":"QID3","QuestionType":"TE","Selector":"SL","QuestionDescription":"Date of online consent:","Validation":{"Settings":{"Type":"None"}},"Language":[],"SearchSource":{"AllowFreeResponse":"false"},"DataExportTag":"QID3"}},{"SurveyID":"SV_0BWLVhR6p61Jqfk","Element":"RS","PrimaryAttribute":"RS_ehZrJSLgIw6POQu","SecondaryAttribute":"Default Response Set","TertiaryAttribute":null,"Payload":null},{"SurveyID":"SV_0BWLVhR6p61Jqfk","Element":"SQ","PrimaryAttribute":"QID15","SecondaryAttribute":"Informed consent participation","TertiaryAttribute":null,"Payload":{"QuestionText":"Informed consent participation\n","DataExportTag":"Informed_Consent_Participation","QuestionID":"QID15","QuestionType":"MC","Selector":"MAVR","SubSelector":"TX","QuestionDescription":"Informed consent participation","Choices":{"1":{"Display":"Caregiver provided opportunity to ask questions"},"2":{"Display":"Questions asked by Caregiver"}},"ChoiceOrder":["1","2"],"Validation":{"Settings":{"Type":"None"}},"Language":[]}},{"SurveyID":"SV_0BWLVhR6p61Jqfk","Element":"SQ","PrimaryAttribute":"QID5","SecondaryAttribute":"Paper copy of informed consent materials provided:","TertiaryAttribute":null,"Payload":{"QuestionText":"Paper copy of informed consent materials provided:\n","DataExportTag":"Paper_Copy","QuestionID":"QID5","QuestionType":"MC","Selector":"MAVR","SubSelector":"TX","QuestionDescription":"Paper copy of informed consent materials provided:","Choices":{"1":{"Display":"Yes"},"2":{"Display":"No"}},"ChoiceOrder":["1","2"],"Validation":{"Settings":{"Type":"None"}},"Language":[]}},{"SurveyID":"SV_0BWLVhR6p61Jqfk","Element":"SQ","PrimaryAttribute":"QID10","SecondaryAttribute":"Participation","TertiaryAttribute":null,"Payload":{"QuestionText":"Participation\n","DataExportTag":"Participation","QuestionID":"QID10","QuestionType":"MC","Selector":"MAVR","SubSelector":"TX","QuestionDescription":"Participation","Choices":{"1":{"Display":"Caregiver may withdraw from study at any time"},"2":{"Display":"No penalty of withdraw"},"3":{"Display":"Refer to case manager or additional resources"},"4":{"Display":"Meet to discuss with researcher regarding withdraw"}},"ChoiceOrder":["1","2","3","4"],"Validation":{"Settings":{"Type":"None"}},"Language":[]}},{"SurveyID":"SV_0BWLVhR6p61Jqfk","Element":"SQ","PrimaryAttribute":"QID11","SecondaryAttribute":"Payment","TertiaryAttribute":null,"Payload":{"QuestionText":"Payment\n","DataExportTag":"Payment","QuestionID":"QID11","QuestionType":"MC","Selector":"MAVR","SubSelector":"TX","QuestionDescription":"Payment","Choices":{"1":{"Display":"Caregiver identifies no payment for participation"}},"ChoiceOrder":["1"],"Validation":{"Settings":{"Type":"None"}},"Language":[]}},{"SurveyID":"SV_0BWLVhR6p61Jqfk","Element":"SQ","PrimaryAttribute":"QID9","SecondaryAttribute":"Potential Benefits","TertiaryAttribute":null,"Payload":{"QuestionText":"Potential Benefits\n","DataExportTag":"Potential_Benefits","QuestionID":"QID9","QuestionType":"MC","Selector":"MAVR","SubSelector":"TX","QuestionDescription":"Potential Benefits","Choices":{"1":{"Display":"Caregiver may increase ability to deliver effective directions"},"2":{"Display":"Child may increase direction following abilities"}},"ChoiceOrder":["1","2"],"Validation":{"Settings":{"Type":"None"}},"Language":[]}},{"SurveyID":"SV_0BWLVhR6p61Jqfk","Element":"SQ","PrimaryAttribute":"QID8","SecondaryAttribute":"Potential risks of the study","TertiaryAttribute":null,"Payload":{"QuestionText":"Potential risks of the study\n","DataExportTag":"Potential_Risks","QuestionID":"QID8","QuestionType":"MC","Selector":"MAVR","SubSelector":"TX","QuestionDescription":"Potential risks of the study","Choices":{"1":{"Display":"Audio and video recordings of caregiver and child sessions will be digitally stored."},"2":{"Display":"Inadvertent recording of others"},"3":{"Display":"Caregiver has option to delete sections of video recording without focus child"},"4":{"Display":"Recordings will be transported and stored in a secure location"},"5":{"Display":"Gaurdians, Director, Primary investigator, co-investigator, and research assistants will have access to audio and video recording"},"6":{"Display":"Recordings will be masked or deleted following the completion of the data analysis."},"7":{"Display":"Masked recordings will be shared with a wide audience"},"8":{"Display":"Their focus child may become frustrated with the procedures"},"9":{"Display":"Study will be halted and injuries will be evaluated if they occur"},"10":{"Display":"The researcher is a mandatory reporter"},"11":{"Display":"Elder abuse or child abuse is occurring"},"12":{"Display":"Caregiver at risk for being suicidal or otherwise harming self"},"13":{"Display":"Incur cost from using data on phone"},"14":{"Display":"Communication with Researcher and Caregiver may be overheard or read"},"15":{"Display":"Verbal communication (call\/video) should be used whenever possible"}},"ChoiceOrder":[1,2,3,4,5,6,7,8,9,10,11,12,13,14,15],"Validation":{"Settings":{"Type":"None"}},"Language":[],"DataVisibility":{"Private":false,"Hidden":false},"Configuration":{"QuestionDescriptionOption":"UseText"},"NextChoiceId":16,"NextAnswerId":1}},{"SurveyID":"SV_0BWLVhR6p61Jqfk","Element":"SQ","PrimaryAttribute":"QID7","SecondaryAttribute":"Procedure of study:","TertiaryAttribute":null,"Payload":{"QuestionText":"Procedure of study:\n","DataExportTag":"Procedure","QuestionID":"QID7","QuestionType":"MC","Selector":"MAVR","SubSelector":"TX","QuestionDescription":"Procedure of study:","Choices":{"1":{"Display":"Watching videos of guided compliance"},"2":{"Display":"Answering questions about guided compliance"},"3":{"Display":"Practicing the guided compliance procedure with researcher"},"4":{"Display":"Trying the guided compliance procedure with focus child"},"5":{"Display":"Estimated timeline of 4 to 8 hours spread across 2 to 4 weeks."}},"ChoiceOrder":["1","2","3","4","5"],"Validation":{"Settings":{"Type":"None"}},"Language":[],"DataVisibility":{"Private":false,"Hidden":false},"Configuration":{"QuestionDescriptionOption":"UseText"},"NextChoiceId":7,"NextAnswerId":1}},{"SurveyID":"SV_0BWLVhR6p61Jqfk","Element":"SQ","PrimaryAttribute":"QID6","SecondaryAttribute":"Purpose of study:","TertiaryAttribute":null,"Payload":{"QuestionText":"Purpose of study:\n","DataExportTag":"Purpose","QuestionID":"QID6","QuestionType":"MC","Selector":"MAVR","SubSelector":"TX","QuestionDescription":"Purpose of study:","Choices":{"1":{"Display":"Use of technology"},"2":{"Display":"Guided compliance procedure"},"3":{"Display":"With focus child"}},"ChoiceOrder":["1","2","3"],"Validation":{"Settings":{"Type":"None"}},"Language":[],"DataVisibility":{"Private":false,"Hidden":false},"Configuration":{"QuestionDescriptionOption":"UseText"},"NextChoiceId":4,"NextAnswerId":1}}]}