{"SurveyEntry":{"SurveyID":"SV_0JIaG6ohcl9rmaa","SurveyName":"2023-247 TechPT - EDU - Caregiver - Enrollment Survey","SurveyDescription":null,"SurveyOwnerID":"UR_6LQU98uGKnACTOt","SurveyBrandID":"cmich","DivisionID":"DV_55fMKHgc4U7VeMR","SurveyLanguage":"EN","SurveyActiveResponseSet":"RS_0IpA1E2v4PDG2cS","SurveyStatus":"Active","SurveyStartDate":"0000-00-00 00:00:00","SurveyExpirationDate":"0000-00-00 00:00:00","SurveyCreationDate":"2024-05-30 11:24:24","CreatorID":"UR_6LQU98uGKnACTOt","LastModified":"2024-08-29 09:17:30","LastAccessed":"0000-00-00 00:00:00","LastActivated":"2024-06-20 16:21:48","Deleted":null},"SurveyElements":[{"SurveyID":"SV_0JIaG6ohcl9rmaa","Element":"BL","PrimaryAttribute":"Survey Blocks","SecondaryAttribute":null,"TertiaryAttribute":null,"Payload":{"1":{"Type":"Trash","Description":"Trash \/ Unused Questions","ID":"BL_eeAwH7QJV7oDb82","BlockElements":[{"Type":"Question","QuestionID":"QID43"},{"Type":"Question","QuestionID":"QID2"},{"Type":"Question","QuestionID":"QID3"},{"Type":"Question","QuestionID":"QID5"},{"Type":"Question","QuestionID":"QID6"},{"Type":"Question","QuestionID":"QID7"},{"Type":"Question","QuestionID":"QID9"},{"Type":"Question","QuestionID":"QID12"},{"Type":"Question","QuestionID":"QID13"},{"Type":"Question","QuestionID":"QID14"},{"Type":"Question","QuestionID":"QID15"},{"Type":"Question","QuestionID":"QID16"},{"Type":"Question","QuestionID":"QID17"},{"Type":"Question","QuestionID":"QID18"},{"Type":"Question","QuestionID":"QID1"},{"Type":"Question","QuestionID":"QID36"},{"Type":"Question","QuestionID":"QID21"},{"Type":"Question","QuestionID":"QID37"},{"Type":"Question","QuestionID":"QID41"},{"Type":"Question","QuestionID":"QID44"},{"Type":"Question","QuestionID":"QID45"},{"Type":"Question","QuestionID":"QID24"},{"Type":"Question","QuestionID":"QID25"},{"Type":"Question","QuestionID":"QID26"},{"Type":"Question","QuestionID":"QID27"},{"Type":"Question","QuestionID":"QID28"},{"Type":"Question","QuestionID":"QID29"},{"Type":"Question","QuestionID":"QID30"},{"Type":"Question","QuestionID":"QID31"},{"Type":"Question","QuestionID":"QID32"},{"Type":"Question","QuestionID":"QID33"},{"Type":"Question","QuestionID":"QID34"},{"Type":"Question","QuestionID":"QID35"},{"Type":"Question","QuestionID":"QID46"},{"Type":"Question","QuestionID":"QID8"},{"Type":"Question","QuestionID":"QID10"},{"Type":"Question","QuestionID":"QID11"},{"Type":"Question","QuestionID":"QID47"},{"Type":"Question","QuestionID":"QID23"},{"Type":"Question","QuestionID":"QID38"},{"Type":"Question","QuestionID":"QID39"},{"Type":"Question","QuestionID":"QID40"}]},"3":{"Type":"Standard","SubType":"","Description":"Participant Information","ID":"BL_82nxslT4791xg5E","BlockElements":[{"Type":"Question","QuestionID":"QID19"},{"Type":"Question","QuestionID":"QID20"},{"Type":"Question","QuestionID":"QID22"},{"Type":"Question","QuestionID":"QID4"}]},"5":{"Type":"Standard","SubType":"","Description":"Enrollment Survey","ID":"BL_4GXwLmf6iuUrezI","BlockElements":[{"Type":"Question","QuestionID":"QID42"}]}}},{"SurveyID":"SV_0JIaG6ohcl9rmaa","Element":"FL","PrimaryAttribute":"Survey Flow","SecondaryAttribute":null,"TertiaryAttribute":null,"Payload":{"Type":"Root","FlowID":"FL_1","Flow":[{"Type":"EmbeddedData","FlowID":"FL_10","EmbeddedData":[{"Description":"CaregiverID","Type":"Custom","Field":"CaregiverID","VariableType":"Scale","DataVisibility":[],"Value":"${rand:\/\/int\/000:999}"}]},{"Type":"Standard","ID":"BL_4GXwLmf6iuUrezI","FlowID":"FL_6","Autofill":[]},{"Type":"Standard","ID":"BL_82nxslT4791xg5E","FlowID":"FL_4","Autofill":[]},{"Type":"EndSurvey","FlowID":"FL_7","EndingType":"Advanced","Options":{"Advanced":"true","SurveyTermination":"Redirect","EOSMessageLibrary":"UR_6LQU98uGKnACTOt","EOSMessage":"MS_3mj0rlb3VncYWrk","EOSRedirectURL":"https:\/\/cmich.co1.qualtrics.com\/jfe\/form\/SV_byFhMCa3uEUSHki?CaregiverID=${e:\/\/Field\/CaregiverID}"}}],"Properties":{"Count":10}}},{"SurveyID":"SV_0JIaG6ohcl9rmaa","Element":"PL","PrimaryAttribute":"Preview Link","SecondaryAttribute":null,"TertiaryAttribute":null,"Payload":{"PreviewType":"Brand","PreviewID":"0d0160ff-8233-46b2-80bc-03f28c84aa87"}},{"SurveyID":"SV_0JIaG6ohcl9rmaa","Element":"RS","PrimaryAttribute":"RS_0IpA1E2v4PDG2cS","SecondaryAttribute":null,"TertiaryAttribute":null,"Payload":null},{"SurveyID":"SV_0JIaG6ohcl9rmaa","Element":"SO","PrimaryAttribute":"Survey Options","SecondaryAttribute":null,"TertiaryAttribute":null,"Payload":{"BackButton":"true","SaveAndContinue":"true","SurveyProtection":"PublicSurvey","BallotBoxStuffingPrevention":"false","NoIndex":"Yes","SecureResponseFiles":"true","SurveyExpiration":"None","SurveyTermination":"DefaultMessage","Header":"","Footer":"<u>Contact info<\/u><br \/><a href=\"tel:517-237-5894\">517.237.5894<\/a><br \/><a href=\"mailto:wyse1r@cmich.edu\">wyse1r@cmich.edu<\/a>","ProgressBarDisplay":"None","PartialData":"+1 week","ValidationMessage":null,"PreviousButton":"","NextButton":" \u2192 ","SurveyTitle":"2023-247 TechPT - Enrollment Survey","SkinLibrary":"cmich","SkinType":"MQ","Skin":"cmich_1","NewScoring":1,"SurveyMetaDescription":"The most powerful, simple and trusted way to gather experience data. Start your journey to experience management and try a free account today.","footerMid":"","EOSMessage":null,"ShowExportTags":"false","CollectGeoLocation":"false","PasswordProtection":"No","AnonymizeResponse":"Yes","RefererCheck":"No","RecaptchaV3":"true","ConfirmStart":true,"AutoConfirmStart":true,"RelevantID":"false","RelevantIDLockoutPeriod":"+30 days","UseCustomSurveyLinkCompletedMessage":null,"SurveyLinkCompletedMessage":null,"SurveyLinkCompletedMessageLibrary":null,"ResponseSummary":"No","EOSMessageLibrary":null,"EOSRedirectURL":null,"EmailThankYou":"false","ThankYouEmailMessageLibrary":null,"ThankYouEmailMessage":null,"ValidateMessage":"false","ValidationMessageLibrary":null,"InactiveSurvey":"DefaultMessage","PartialDeletion":null,"PartialDataCloseAfter":"LastActivity","InactiveMessageLibrary":null,"InactiveMessage":null,"AvailableLanguages":{"EN":[]},"Password":"","ProtectSelectionIds":true,"SurveyAnalysisDisabled":true,"SurveyName":"2023-247 TechPT - EDU - Caregiver - Enrollment Survey"}},{"SurveyID":"SV_0JIaG6ohcl9rmaa","Element":"SCO","PrimaryAttribute":"Scoring","SecondaryAttribute":null,"TertiaryAttribute":null,"Payload":{"ScoringCategories":[],"ScoringCategoryGroups":[],"ScoringSummaryCategory":null,"ScoringSummaryAfterQuestions":0,"ScoringSummaryAfterSurvey":0,"DefaultScoringCategory":null,"AutoScoringCategory":null}},{"SurveyID":"SV_0JIaG6ohcl9rmaa","Element":"PROJ","PrimaryAttribute":"CORE","SecondaryAttribute":null,"TertiaryAttribute":"1.1.0","Payload":{"ProjectCategory":"CORE","SchemaVersion":"1.1.0"}},{"SurveyID":"SV_0JIaG6ohcl9rmaa","Element":"STAT","PrimaryAttribute":"Survey Statistics","SecondaryAttribute":null,"TertiaryAttribute":null,"Payload":{"MobileCompatible":true,"ID":"Survey Statistics"}},{"SurveyID":"SV_0JIaG6ohcl9rmaa","Element":"QC","PrimaryAttribute":"Survey Question Count","SecondaryAttribute":"47","TertiaryAttribute":null,"Payload":null},{"SurveyID":"SV_0JIaG6ohcl9rmaa","Element":"SQ","PrimaryAttribute":"QID38","SecondaryAttribute":"Apartment or unit number (if applicable):","TertiaryAttribute":null,"Payload":{"QuestionText":"Apartment or unit number (if applicable):","DefaultChoices":false,"DataExportTag":"Appt","QuestionID":"QID38","QuestionType":"TE","Selector":"SL","Configuration":{"QuestionDescriptionOption":"UseText"},"QuestionDescription":"Apartment or unit number (if applicable):","Validation":{"Settings":{"ForceResponse":"OFF","Type":"None","MinChars":"1","ContentType":null,"ValidDateType":"DateWithFormat","ValidPhoneType":"ValidUSPhone","ValidZipType":"ValidUSZip","ValidNumber":{"Min":"","Max":"","NumDecimals":""}}},"GradingData":[],"Language":[],"NextChoiceId":4,"NextAnswerId":1,"SearchSource":{"AllowFreeResponse":"false"}}},{"SurveyID":"SV_0JIaG6ohcl9rmaa","Element":"SQ","PrimaryAttribute":"QID9","SecondaryAttribute":"Are you the sole caregiver in the home?","TertiaryAttribute":null,"Payload":{"QuestionText":"Are you the sole caregiver in the home?\n","DataExportTag":"Sole_Caregiver","QuestionID":"QID9","QuestionType":"MC","Selector":"SAVR","SubSelector":"TX","QuestionDescription":"Are you the sole caregiver in the home?","Choices":{"1":{"Display":"Yes"},"2":{"Display":"No, Is the other caregiver a legal guardian of the focus child?"}},"ChoiceOrder":["1","2"],"Validation":{"Settings":{"Type":"None"}},"Language":[]}},{"SurveyID":"SV_0JIaG6ohcl9rmaa","Element":"SQ","PrimaryAttribute":"QID26","SecondaryAttribute":"Are you the sole caregiver in the home?","TertiaryAttribute":null,"Payload":{"QuestionText":"Are you the sole caregiver in the home?\n","DataExportTag":"Sole_Caregiver-1","QuestionID":"QID26","QuestionType":"MC","Selector":"SAVR","SubSelector":"TX","QuestionDescription":"Are you the sole caregiver in the home?","Choices":{"1":{"Display":"Yes"},"2":{"Display":"No"}},"ChoiceOrder":["1","2"],"Validation":{"Settings":{"ForceResponse":"RequestResponse","ForceResponseType":"RequestResponse","Type":"None"}},"Language":[],"DataVisibility":{"Private":false,"Hidden":false},"Configuration":{"QuestionDescriptionOption":"UseText"},"NextChoiceId":3,"NextAnswerId":1}},{"SurveyID":"SV_0JIaG6ohcl9rmaa","Element":"SQ","PrimaryAttribute":"QID39","SecondaryAttribute":"City or town name:","TertiaryAttribute":null,"Payload":{"QuestionText":"City or town name:","DefaultChoices":false,"DataExportTag":"City","QuestionType":"TE","Selector":"SL","DataVisibility":{"Private":false,"Hidden":false},"Configuration":{"QuestionDescriptionOption":"UseText"},"QuestionDescription":"City or town name:","Validation":{"Settings":{"ForceResponse":"RequestResponse","ForceResponseType":"RequestResponse","Type":"None","MinChars":"1","ValidDateType":"DateWithFormat","ValidPhoneType":"ValidUSPhone","ValidZipType":"ValidUSZip","ValidNumber":{"Min":"","Max":"","NumDecimals":""}}},"GradingData":[],"Language":[],"NextChoiceId":4,"NextAnswerId":1,"SearchSource":{"AllowFreeResponse":"false"},"QuestionID":"QID39"}},{"SurveyID":"SV_0JIaG6ohcl9rmaa","Element":"SQ","PrimaryAttribute":"QID1","SecondaryAttribute":"Click to write the question text","TertiaryAttribute":null,"Payload":{"QuestionText":"Click to write the question text","DataExportTag":"Q1","QuestionType":"MC","Selector":"SAVR","SubSelector":"TX","Configuration":{"QuestionDescriptionOption":"UseText"},"QuestionDescription":"Click to write the question text","Choices":{"1":{"Display":"Click to write Choice 1"},"2":{"Display":"Click to write Choice 2"},"3":{"Display":"Click to write Choice 3"}},"ChoiceOrder":["1","2","3"],"Validation":{"Settings":{"ForceResponse":"OFF","Type":"None"}},"Language":[],"NextChoiceId":4,"NextAnswerId":1,"QuestionID":"QID1"}},{"SurveyID":"SV_0JIaG6ohcl9rmaa","Element":"SQ","PrimaryAttribute":"QID36","SecondaryAttribute":"Click to write the question text","TertiaryAttribute":null,"Payload":{"QuestionText":"Click to write the question text","DataExportTag":"Q36","QuestionType":"MC","Selector":"SAVR","SubSelector":"TX","Configuration":{"QuestionDescriptionOption":"UseText"},"QuestionDescription":"Click to write the question text","Choices":{"1":{"Display":"Click to write Choice 1"},"2":{"Display":"Click to write Choice 2"},"3":{"Display":"Click to write Choice 3"}},"ChoiceOrder":["1","2","3"],"Validation":{"Settings":{"ForceResponse":"OFF","Type":"None"}},"Language":[],"NextChoiceId":4,"NextAnswerId":1,"QuestionID":"QID36"}},{"SurveyID":"SV_0JIaG6ohcl9rmaa","Element":"SQ","PrimaryAttribute":"QID21","SecondaryAttribute":"Do you prefer email or voice\/text?","TertiaryAttribute":null,"Payload":{"QuestionText":"Do you prefer email or voice\/text?\n","DataExportTag":"ContactPreference","QuestionID":"QID21","QuestionType":"MC","Selector":"SAVR","SubSelector":"TX","QuestionDescription":"Do you prefer email or voice\/text?","Choices":{"1":{"Display":"Email"},"2":{"Display":"Voice\/Text"}},"ChoiceOrder":["1","2"],"Validation":{"Settings":{"Type":"None"}},"Language":[]}},{"SurveyID":"SV_0JIaG6ohcl9rmaa","Element":"SQ","PrimaryAttribute":"QID33","SecondaryAttribute":"Does ${q:\/\/QID30\/ChoiceTextEntryValue} have an IEP?","TertiaryAttribute":null,"Payload":{"QuestionText":"Does ${q:\/\/QID30\/ChoiceTextEntryValue} have an IEP?","DataExportTag":"IEP-1","QuestionID":"QID33","QuestionType":"MC","Selector":"SAVR","SubSelector":"TX","QuestionDescription":"Does ${q:\/\/QID30\/ChoiceTextEntryValue} have an IEP?","Choices":{"1":{"Display":"Yes"},"2":{"Display":"No"}},"ChoiceOrder":["1","2"],"Validation":{"Settings":{"ForceResponse":"RequestResponse","ForceResponseType":"RequestResponse","Type":"None"}},"Language":[],"DataVisibility":{"Private":false,"Hidden":false},"Configuration":{"QuestionDescriptionOption":"UseText"},"NextChoiceId":3,"NextAnswerId":1}},{"SurveyID":"SV_0JIaG6ohcl9rmaa","Element":"SQ","PrimaryAttribute":"QID32","SecondaryAttribute":"Does ${q:\/\/QID30\/ChoiceTextEntryValue} have any physical or mental health diagnoses other than au...","TertiaryAttribute":null,"Payload":{"QuestionText":"Does ${q:\/\/QID30\/ChoiceTextEntryValue} have any physical or mental health diagnoses other than autism? If so, what are they?","DataExportTag":"FocusChildDiagnoses","QuestionID":"QID32","QuestionType":"TE","Selector":"SL","QuestionDescription":"Does ${q:\/\/QID30\/ChoiceTextEntryValue} have any physical or mental health diagnoses other than au...","Validation":{"Settings":{"ForceResponse":"RequestResponse","ForceResponseType":"RequestResponse","Type":"None"}},"Language":[],"SearchSource":{"AllowFreeResponse":"false"},"DataVisibility":{"Private":false,"Hidden":false},"Configuration":{"QuestionDescriptionOption":"UseText"},"NextChoiceId":1,"NextAnswerId":1}},{"SurveyID":"SV_0JIaG6ohcl9rmaa","Element":"SQ","PrimaryAttribute":"QID16","SecondaryAttribute":"Does focus child have an IEP?","TertiaryAttribute":null,"Payload":{"QuestionText":"Does focus child have an IEP?\n","DataExportTag":"IEP","QuestionID":"QID16","QuestionType":"MC","Selector":"SAVR","SubSelector":"TX","QuestionDescription":"Does focus child have an IEP?","Choices":{"1":{"Display":"Yes"},"2":{"Display":"No"}},"ChoiceOrder":["1","2"],"Validation":{"Settings":{"Type":"None"}},"Language":[]}},{"SurveyID":"SV_0JIaG6ohcl9rmaa","Element":"SQ","PrimaryAttribute":"QID15","SecondaryAttribute":"Does the focus child have any physical or mental health diagnoses other than autism? If so, what...","TertiaryAttribute":null,"Payload":{"QuestionText":"Does the focus child have any physical or mental health diagnoses other than autism? If so, what are they?\n\n","QuestionID":"QID15","QuestionType":"TE","Selector":"SL","QuestionDescription":"Does the focus child have any physical or mental health diagnoses other than autism? If so, what...","Validation":{"Settings":{"Type":"None"}},"Language":[],"SearchSource":{"AllowFreeResponse":"false"},"DataExportTag":"QID15"}},{"SurveyID":"SV_0JIaG6ohcl9rmaa","Element":"SQ","PrimaryAttribute":"QID46","SecondaryAttribute":"How did you hear about this study, or who referred you to it?","TertiaryAttribute":null,"Payload":{"QuestionText":"How did you hear about this study, or who referred you to it?","DataExportTag":"ReferallSource","QuestionType":"MC","Selector":"SAVR","SubSelector":"TX","Configuration":{"QuestionDescriptionOption":"UseText"},"QuestionDescription":"How did you hear about this study, or who referred you to it?","Choices":{"1":{"Display":"Click to write Choice 1"},"2":{"Display":"Click to write Choice 2"},"3":{"Display":"Click to write Choice 3"}},"ChoiceOrder":["1","2","3"],"Validation":{"Settings":{"ForceResponse":"OFF","Type":"None"}},"Language":[],"NextChoiceId":4,"NextAnswerId":1,"QuestionID":"QID46"}},{"SurveyID":"SV_0JIaG6ohcl9rmaa","Element":"SQ","PrimaryAttribute":"QID12","SecondaryAttribute":"How many children live in your home under the age of 18?","TertiaryAttribute":null,"Payload":{"QuestionText":"How many children live in your home under the age of 18?\n\n","QuestionID":"QID12","QuestionType":"TE","Selector":"SL","QuestionDescription":"How many children live in your home under the age of 18?","Validation":{"Settings":{"Type":"None"}},"Language":[],"SearchSource":{"AllowFreeResponse":"false"},"DataExportTag":"QID12"}},{"SurveyID":"SV_0JIaG6ohcl9rmaa","Element":"SQ","PrimaryAttribute":"QID29","SecondaryAttribute":"How many children live in your home under the age of 18?","TertiaryAttribute":null,"Payload":{"QuestionText":"How many children live in your home under the age of 18?\n\n","DataExportTag":"NumberOfChildren","QuestionID":"QID29","QuestionType":"TE","Selector":"SL","QuestionDescription":"How many children live in your home under the age of 18?","Validation":{"Settings":{"Type":"ContentType","MinChars":"1","ContentType":"ValidNumber","ValidDateType":"DateWithFormat","ValidPhoneType":"ValidUSPhone","ValidZipType":"ValidUSZip","ValidNumber":{"Min":"","Max":"","NumDecimals":""}}},"Language":[],"SearchSource":{"AllowFreeResponse":"false"},"DataVisibility":{"Private":false,"Hidden":false},"Configuration":{"QuestionDescriptionOption":"UseText"},"NextChoiceId":1,"NextAnswerId":1}},{"SurveyID":"SV_0JIaG6ohcl9rmaa","Element":"SQ","PrimaryAttribute":"QID34","SecondaryAttribute":"If ${q:\/\/QID30\/ChoiceTextEntryValue} has an IEP, what is their special education eligibility (e.g...","TertiaryAttribute":null,"Payload":{"QuestionText":"If ${q:\/\/QID30\/ChoiceTextEntryValue} has an IEP, what is their special education eligibility (e.g. ASD, SLI, Specific learning disability, EI) ?","DataExportTag":"SpecialEducationEligibility","QuestionID":"QID34","QuestionType":"TE","Selector":"SL","QuestionDescription":"If ${q:\/\/QID30\/ChoiceTextEntryValue} has an IEP, what is their special education eligibility (e.g...","Validation":{"Settings":{"ForceResponse":"RequestResponse","ForceResponseType":"RequestResponse","Type":"None"}},"Language":[],"SearchSource":{"AllowFreeResponse":"false"},"DataVisibility":{"Private":false,"Hidden":false},"Configuration":{"QuestionDescriptionOption":"UseText"},"NextChoiceId":1,"NextAnswerId":1}},{"SurveyID":"SV_0JIaG6ohcl9rmaa","Element":"SQ","PrimaryAttribute":"QID17","SecondaryAttribute":"If so, what is their special education eligibility?","TertiaryAttribute":null,"Payload":{"QuestionText":"If so, what is their special education eligibility?\n\n","QuestionID":"QID17","QuestionType":"TE","Selector":"SL","QuestionDescription":"If so, what is their special education eligibility?","Validation":{"Settings":{"Type":"None"}},"Language":[],"SearchSource":{"AllowFreeResponse":"false"},"DataExportTag":"QID17"}},{"SurveyID":"SV_0JIaG6ohcl9rmaa","Element":"SQ","PrimaryAttribute":"QID41","SecondaryAttribute":"Is the other caregiver a legal guardian of the focus child?","TertiaryAttribute":null,"Payload":{"QuestionText":"Is the other caregiver a legal guardian of the focus child?","DataExportTag":"Q41","QuestionType":"MC","Selector":"SAVR","SubSelector":"TX","DataVisibility":{"Private":false,"Hidden":false},"Configuration":{"QuestionDescriptionOption":"UseText"},"QuestionDescription":"Is the other caregiver a legal guardian of the focus child?","Choices":{"1":{"Display":"Yes"},"2":{"Display":"No"}},"ChoiceOrder":["1","2"],"Validation":{"Settings":{"Type":"None"}},"Language":[],"NextChoiceId":3,"NextAnswerId":1,"QuestionID":"QID41","DisplayLogic":{"0":{"0":{"LogicType":"Question","LeftOperand":"q:\/\/undefined\/undefined","Type":"Expression","Description":"<span class=\"Error\">Invalid Logic<\/span> <a href=\"javascript:void(0)\" clickcallback=\"Qualtrics.DisplayLogic.edit:DL_10729213\" instanceid=\"LE_84998696\">Click Here to Edit Logic<\/a>"},"Type":"If"},"Type":"BooleanExpression","inPage":false}}},{"SurveyID":"SV_0JIaG6ohcl9rmaa","Element":"SQ","PrimaryAttribute":"QID40","SecondaryAttribute":"Postal or Zip Code:","TertiaryAttribute":null,"Payload":{"QuestionText":"Postal or Zip Code:","DefaultChoices":false,"DataExportTag":"Zip","QuestionType":"TE","Selector":"SL","DataVisibility":{"Private":false,"Hidden":false},"Configuration":{"QuestionDescriptionOption":"UseText"},"QuestionDescription":"Postal or Zip Code:","Validation":{"Settings":{"ForceResponse":"RequestResponse","ForceResponseType":"RequestResponse","Type":"None","MinChars":"1","ContentType":null,"ValidDateType":"DateWithFormat","ValidPhoneType":"ValidUSPhone","ValidZipType":"ValidUSZip","ValidNumber":{"Min":"","Max":"","NumDecimals":""}}},"GradingData":[],"Language":[],"NextChoiceId":4,"NextAnswerId":1,"SearchSource":{"AllowFreeResponse":"false"},"QuestionID":"QID40"}},{"SurveyID":"SV_0JIaG6ohcl9rmaa","Element":"SQ","PrimaryAttribute":"QID42","SecondaryAttribute":"Thank you for participating! Please remember that participation is voluntary. If you haven't down...","TertiaryAttribute":null,"Payload":{"QuestionText":"<p><strong>Thank you for participating!<\/strong><br \/>\n<br \/>\nPlease remember that participation is voluntary. If you haven&#39;t downloaded the documentation yet, we recommend doing so now for your records. <a href=\"https:\/\/cmich.co1.qualtrics.com\/ControlPanel\/File.php?F=F_jx65KN5Lu6yknS5\" rel=\"noopener\" target=\"_blank\">Click here to access the documentation.<\/a><br \/>\n<br \/>\nYou&#39;ll be sharing private information with the Research Team. Feel free to skip any question you may feel uncomfortable with.<\/p>\n\n<p>&nbsp;<\/p>\n\n<p>Please note, completing this form doesn&#39;t ensure study participation. We&#39;ll select participants based on specific study criteria.<br \/>\n<br \/>\nIf you have any questions or concerns, don&#39;t hesitate to reach out using the contact information provided below.<\/p>","DefaultChoices":false,"DataExportTag":"Intro","QuestionType":"DB","Selector":"TB","Configuration":{"QuestionDescriptionOption":"UseText"},"QuestionDescription":"Thank you for participating! Please remember that participation is voluntary. If you haven't down...","ChoiceOrder":[],"Validation":{"Settings":{"Type":"None"}},"GradingData":[],"Language":[],"NextChoiceId":4,"NextAnswerId":1,"QuestionID":"QID42","DataVisibility":{"Private":false,"Hidden":false}}},{"SurveyID":"SV_0JIaG6ohcl9rmaa","Element":"SQ","PrimaryAttribute":"QID44","SecondaryAttribute":"This concludes your digital enrollment. We will contact you within one week to schedule an appoin...","TertiaryAttribute":null,"Payload":{"QuestionText":"This concludes your digital enrollment.<br \/>\n<br \/>\nWe will contact you within one week to schedule an appointment to begin the research.&nbsp;<br \/>\n<br \/>\nIf you have any questions or concers please use the contact information below or you can contact someone outside of the research team here:<br \/>\n&nbsp;\n<div style=\"margin-left: 40px;\">Central Michigan University Institutional Review Board<br \/>\n600 East Preston Street,<br \/>\nFoust Hall 104<br \/>\nMount Pleasant, MI 48859<br \/>\nPhone: <a href=\"tel:9897746401\">(989) 774-6401<\/a><br \/>\nEmail: <a href=\"mailto:researchconcern@cmich.edu?subject=IRB%20Study%202023-247\">researchconcern@cmich.edu<\/a><\/div>\n<br \/>\nThank you again for your participation and we look forward to meeting you soon!","DefaultChoices":false,"DataExportTag":"Q44","QuestionType":"DB","Selector":"TB","Configuration":{"QuestionDescriptionOption":"UseText"},"QuestionDescription":"This concludes your digital enrollment. We will contact you within one week to schedule an appoin...","ChoiceOrder":[],"Validation":{"Settings":{"Type":"None"}},"GradingData":[],"Language":[],"NextChoiceId":4,"NextAnswerId":1,"QuestionID":"QID44","DataVisibility":{"Private":false,"Hidden":false}}},{"SurveyID":"SV_0JIaG6ohcl9rmaa","Element":"SQ","PrimaryAttribute":"QID45","SecondaryAttribute":"This concludes your digital enrollment. Your responses have been submitted. We will contact you w...","TertiaryAttribute":null,"Payload":{"QuestionText":"This concludes your digital enrollment. Your responses have been submitted.<br \/>\n<br \/>\nWe will contact you within one week to schedule an appointment to begin the research.&nbsp;<br \/>\n<br \/>\nIf you have any questions or concers please use the contact information below or you can contact someone outside of the research team here:<br \/>\n<br \/>\nCentral Michigan University Institutional Review Board<br \/>\n600 East Preston Street,<br \/>\nFoust Hall 104<br \/>\nMount Pleasant, MI 48859<br \/>\nPhone:&nbsp;<a href=\"tel:9897746401\">(989) 774-6401<\/a><br \/>\nEmail:&nbsp;<a href=\"mailto:researchconcern@cmich.edu?subject=IRB%20Study%202023-247\">researchconcern@cmich.edu<\/a><br \/>\n<br \/>\nThank you again for your participation and we look forward to meeting you soon!Click to write the question text","DefaultChoices":false,"DataExportTag":"Outro","QuestionType":"DB","Selector":"TB","Configuration":{"QuestionDescriptionOption":"UseText"},"QuestionDescription":"This concludes your digital enrollment. Your responses have been submitted. We will contact you w...","ChoiceOrder":[],"Validation":{"Settings":{"Type":"None"}},"GradingData":[],"Language":[],"NextChoiceId":4,"NextAnswerId":1,"QuestionID":"QID45"}},{"SurveyID":"SV_0JIaG6ohcl9rmaa","Element":"SQ","PrimaryAttribute":"QID43","SecondaryAttribute":"What days and times would you and ${q:\/\/QID30\/ChoiceTextEntryValue} likely be availiable for rese...","TertiaryAttribute":null,"Payload":{"QuestionText":"What days and times would you and ${q:\/\/QID30\/ChoiceTextEntryValue} likely be availiable for research appointments? Recall that these appointments will last an hour.&nbsp;<br>","DefaultChoices":false,"DataExportTag":"Day.Time_Preference","QuestionID":"QID43","QuestionType":"Matrix","Selector":"Likert","SubSelector":"MultipleAnswer","Configuration":{"QuestionDescriptionOption":"UseText","TextPosition":"inline","ChoiceColumnWidth":25,"RepeatHeaders":"none","WhiteSpace":"OFF","MobileFirst":true},"QuestionDescription":"What days and times would you and ${q:\/\/QID30\/ChoiceTextEntryValue} likely be availiable for rese...","Choices":{"4":{"Display":"Monday"},"5":{"Display":"Tuesday"},"6":{"Display":"Wednesday"},"7":{"Display":"Thursday"},"8":{"Display":"Friday"}},"ChoiceOrder":["4","5","6","7","8"],"Validation":{"Settings":{"ForceResponse":"OFF","Type":"None"}},"GradingData":[],"Language":[],"NextChoiceId":9,"NextAnswerId":5,"Answers":{"1":{"Display":"8 AM - 10:59 AM"},"2":{"Display":"11 AM - 1:59 PM"},"4":{"Display":"2 PM - 5 PM"}},"AnswerOrder":["1","2","4"],"ChoiceDataExportTags":false,"DataVisibility":{"Private":false,"Hidden":false}}},{"SurveyID":"SV_0JIaG6ohcl9rmaa","Element":"SQ","PrimaryAttribute":"QID31","SecondaryAttribute":"What is ${q:\/\/QID30\/ChoiceTextEntryValue}'s current age in years?","TertiaryAttribute":null,"Payload":{"QuestionText":"What is ${q:\/\/QID30\/ChoiceTextEntryValue}'s current age in years?","DataExportTag":"FocusChildAge","QuestionID":"QID31","QuestionType":"TE","Selector":"SL","QuestionDescription":"What is ${q:\/\/QID30\/ChoiceTextEntryValue}'s current age in years?","Validation":{"Settings":{"ForceResponse":"RequestResponse","ForceResponseType":"RequestResponse","Type":"None"}},"Language":[],"SearchSource":{"AllowFreeResponse":"false"},"DataVisibility":{"Private":false,"Hidden":false},"Configuration":{"QuestionDescriptionOption":"UseText"},"NextChoiceId":1,"NextAnswerId":1}},{"SurveyID":"SV_0JIaG6ohcl9rmaa","Element":"SQ","PrimaryAttribute":"QID13","SecondaryAttribute":"What is the first name of one child you would like to focus on during this research?","TertiaryAttribute":null,"Payload":{"QuestionText":"What is the first name of one child you would like to focus on during this research?\n\n","QuestionID":"QID13","QuestionType":"TE","Selector":"SL","QuestionDescription":"What is the first name of one child you would like to focus on during this research?","Validation":{"Settings":{"Type":"None"}},"Language":[],"SearchSource":{"AllowFreeResponse":"false"},"DataExportTag":"QID13"}},{"SurveyID":"SV_0JIaG6ohcl9rmaa","Element":"SQ","PrimaryAttribute":"QID30","SecondaryAttribute":"What is the first name of the child you would like to focus on during this research?","TertiaryAttribute":null,"Payload":{"QuestionText":"What is the <u>first name<\/u> of the child you would like to focus on during this research?","DataExportTag":"FocusChildFirstName","QuestionID":"QID30","QuestionType":"TE","Selector":"SL","QuestionDescription":"What is the first name of the child you would like to focus on during this research?","Validation":{"Settings":{"ForceResponse":"RequestResponse","ForceResponseType":"RequestResponse","Type":"None"}},"Language":[],"SearchSource":{"AllowFreeResponse":"false"},"DataVisibility":{"Private":false,"Hidden":false},"Configuration":{"QuestionDescriptionOption":"UseText"},"NextChoiceId":1,"NextAnswerId":1,"DefaultChoices":{"TEXT":{"Text":"Child"}}}},{"SurveyID":"SV_0JIaG6ohcl9rmaa","Element":"SQ","PrimaryAttribute":"QID14","SecondaryAttribute":"What is the focus child's current age in years?","TertiaryAttribute":null,"Payload":{"QuestionText":"What is the focus child's current age in years?\n\n","QuestionID":"QID14","QuestionType":"TE","Selector":"SL","QuestionDescription":"What is the focus child's current age in years?","Validation":{"Settings":{"Type":"None"}},"Language":[],"SearchSource":{"AllowFreeResponse":"false"},"DataExportTag":"QID14"}},{"SurveyID":"SV_0JIaG6ohcl9rmaa","Element":"SQ","PrimaryAttribute":"QID11","SecondaryAttribute":"What is the highest level of schooling you have completed?","TertiaryAttribute":null,"Payload":{"QuestionText":"What is the highest level of schooling you have completed?\n","DataExportTag":"Highest_Schooling","QuestionID":"QID11","QuestionType":"MC","Selector":"SAVR","SubSelector":"TX","QuestionDescription":"What is the highest level of schooling you have completed?","Choices":{"1":{"Display":"Grade School"},"2":{"Display":"High School"},"3":{"Display":"College or technical school"},"4":{"Display":"University Degree"},"5":{"Display":"Post-Graduate Degree (e.g. PhD, MD, MA, MSc)"},"6":{"Display":"Prefer not to answer"}},"ChoiceOrder":["1","2","3","4","5","6"],"Validation":{"Settings":{"Type":"None"}},"Language":[]}},{"SurveyID":"SV_0JIaG6ohcl9rmaa","Element":"SQ","PrimaryAttribute":"QID28","SecondaryAttribute":"What is the highest level of schooling you have completed?","TertiaryAttribute":null,"Payload":{"QuestionText":"What is the highest level of schooling you have completed?\n","DataExportTag":"Highest_Schooling-1","QuestionID":"QID28","QuestionType":"MC","Selector":"SAVR","SubSelector":"TX","QuestionDescription":"What is the highest level of schooling you have completed?","Choices":{"1":{"Display":"Grade School"},"2":{"Display":"High School"},"3":{"Display":"College or technical school"},"4":{"Display":"University Degree"},"5":{"Display":"Post-Graduate Degree (e.g. PhD, MD, MA, MSc)"},"6":{"Display":"Prefer not to answer"}},"ChoiceOrder":["1","2","3","4","5","6"],"Validation":{"Settings":{"ForceResponse":"RequestResponse","ForceResponseType":"RequestResponse","Type":"None"}},"Language":[],"DataVisibility":{"Private":false,"Hidden":false},"Configuration":{"QuestionDescriptionOption":"UseText"},"NextChoiceId":7,"NextAnswerId":1}},{"SurveyID":"SV_0JIaG6ohcl9rmaa","Element":"SQ","PrimaryAttribute":"QID4","SecondaryAttribute":"What is your contact prefence?","TertiaryAttribute":null,"Payload":{"QuestionText":"What is your contact prefence?","QuestionID":"QID4","QuestionType":"MC","Selector":"SAVR","SubSelector":"TX","QuestionDescription":"What is your contact prefence?","Choices":{"1":{"Display":"Email"},"2":{"Display":"Voice"},"3":{"Display":"Text"}},"ChoiceOrder":["1","2","3"],"Validation":{"Settings":{"ForceResponse":"RequestResponse","ForceResponseType":"RequestResponse","Type":"None"}},"Language":[],"DataExportTag":"ContactPreference","DataVisibility":{"Private":false,"Hidden":false},"Configuration":{"QuestionDescriptionOption":"UseText"},"NextChoiceId":4,"NextAnswerId":1}},{"SurveyID":"SV_0JIaG6ohcl9rmaa","Element":"SQ","PrimaryAttribute":"QID7","SecondaryAttribute":"What is your current age - in years?","TertiaryAttribute":null,"Payload":{"QuestionText":"What is your current age - in years?\n\n","QuestionID":"QID7","QuestionType":"TE","Selector":"SL","QuestionDescription":"What is your current age - in years?","Validation":{"Settings":{"Type":"None"}},"Language":[],"SearchSource":{"AllowFreeResponse":"false"},"DataExportTag":"QID7"}},{"SurveyID":"SV_0JIaG6ohcl9rmaa","Element":"SQ","PrimaryAttribute":"QID24","SecondaryAttribute":"What is your current age - in years?","TertiaryAttribute":null,"Payload":{"QuestionText":"What is your current age - in years?\n\n","DataExportTag":"CurrentAge","QuestionID":"QID24","QuestionType":"TE","Selector":"SL","QuestionDescription":"What is your current age - in years?","Validation":{"Settings":{"ForceResponse":"RequestResponse","ForceResponseType":"RequestResponse","Type":"None"}},"Language":[],"SearchSource":{"AllowFreeResponse":"false"},"DataVisibility":{"Private":false,"Hidden":false},"Configuration":{"QuestionDescriptionOption":"UseText"},"NextChoiceId":1,"NextAnswerId":1}},{"SurveyID":"SV_0JIaG6ohcl9rmaa","Element":"SQ","PrimaryAttribute":"QID3","SecondaryAttribute":"What is your email address?","TertiaryAttribute":null,"Payload":{"QuestionText":"What is your email address?\n\n","QuestionID":"QID3","QuestionType":"TE","Selector":"SL","QuestionDescription":"What is your email address?","Validation":{"Settings":{"Type":"None"}},"Language":[],"SearchSource":{"AllowFreeResponse":"false"},"DataExportTag":"Email","DataVisibility":{"Private":false,"Hidden":false},"Configuration":{"QuestionDescriptionOption":"UseText"},"NextChoiceId":1,"NextAnswerId":1}},{"SurveyID":"SV_0JIaG6ohcl9rmaa","Element":"SQ","PrimaryAttribute":"QID20","SecondaryAttribute":"What is your email address?","TertiaryAttribute":null,"Payload":{"QuestionText":"What is your email address?\n\n","DataExportTag":"EmailAddress","QuestionID":"QID20","QuestionType":"TE","Selector":"SL","QuestionDescription":"What is your email address?","Validation":{"Settings":{"ForceResponse":"RequestResponse","ForceResponseType":"RequestResponse","Type":"None","MinChars":"1","ContentType":null,"ValidDateType":"DateWithFormat","ValidPhoneType":"ValidUSPhone","ValidZipType":"ValidUSZip","ValidNumber":{"Min":"","Max":"","NumDecimals":""}}},"Language":[],"SearchSource":{"AllowFreeResponse":"false"},"DataVisibility":{"Private":false,"Hidden":false},"Configuration":{"QuestionDescriptionOption":"UseText"},"NextChoiceId":1,"NextAnswerId":1}},{"SurveyID":"SV_0JIaG6ohcl9rmaa","Element":"SQ","PrimaryAttribute":"QID2","SecondaryAttribute":"What is your first name?","TertiaryAttribute":null,"Payload":{"QuestionText":"What is your first name?\n\n","QuestionID":"QID2","QuestionType":"TE","Selector":"SL","QuestionDescription":"What is your first name?","Validation":{"Settings":{"Type":"None"}},"Language":[],"SearchSource":{"AllowFreeResponse":"false"},"DataExportTag":"Name","DataVisibility":{"Private":false,"Hidden":false},"Configuration":{"QuestionDescriptionOption":"UseText"},"NextChoiceId":1,"NextAnswerId":1}},{"SurveyID":"SV_0JIaG6ohcl9rmaa","Element":"SQ","PrimaryAttribute":"QID19","SecondaryAttribute":"What is your first name?","TertiaryAttribute":null,"Payload":{"QuestionText":"What is your first name?\n\n","DataExportTag":"FirstName","QuestionID":"QID19","QuestionType":"TE","Selector":"SL","QuestionDescription":"What is your first name?","Validation":{"Settings":{"ForceResponse":"RequestResponse","ForceResponseType":"RequestResponse","Type":"None"}},"Language":[],"SearchSource":{"AllowFreeResponse":"false"},"DataVisibility":{"Private":false,"Hidden":false},"Configuration":{"QuestionDescriptionOption":"UseText"},"NextChoiceId":1,"NextAnswerId":1}},{"SurveyID":"SV_0JIaG6ohcl9rmaa","Element":"SQ","PrimaryAttribute":"QID8","SecondaryAttribute":"What is your gender?","TertiaryAttribute":null,"Payload":{"QuestionText":"What is your gender?\n","DataExportTag":"Gender","QuestionID":"QID8","QuestionType":"MC","Selector":"SAVR","SubSelector":"TX","QuestionDescription":"What is your gender?","Choices":{"1":{"Display":"Male"},"2":{"Display":"Female"},"3":{"Display":"Non-binary"},"4":{"Display":"Other"},"5":{"Display":"Prefer not to answer"}},"ChoiceOrder":["1","2","3","4","5"],"Validation":{"Settings":{"Type":"None"}},"Language":[]}},{"SurveyID":"SV_0JIaG6ohcl9rmaa","Element":"SQ","PrimaryAttribute":"QID25","SecondaryAttribute":"What is your gender?","TertiaryAttribute":null,"Payload":{"QuestionText":"What is your gender?\n","DataExportTag":"Gender-1","QuestionID":"QID25","QuestionType":"MC","Selector":"SAVR","SubSelector":"TX","QuestionDescription":"What is your gender?","Choices":{"1":{"Display":"Male"},"2":{"Display":"Female"},"3":{"Display":"Non-binary"},"4":{"Display":"Other"},"5":{"Display":"Prefer not to answer"}},"ChoiceOrder":["1","2","3","4","5"],"Validation":{"Settings":{"ForceResponse":"RequestResponse","ForceResponseType":"RequestResponse","Type":"None"}},"Language":[],"DataVisibility":{"Private":false,"Hidden":false},"Configuration":{"QuestionDescriptionOption":"UseText"},"NextChoiceId":6,"NextAnswerId":1}},{"SurveyID":"SV_0JIaG6ohcl9rmaa","Element":"SQ","PrimaryAttribute":"QID6","SecondaryAttribute":"What is your home address?","TertiaryAttribute":null,"Payload":{"QuestionText":"What is your home address?\n\n","QuestionID":"QID6","QuestionType":"TE","Selector":"SL","QuestionDescription":"What is your home address?","Validation":{"Settings":{"ForceResponse":"OFF","Type":"None"}},"Language":[],"SearchSource":{"AllowFreeResponse":"false"},"DataExportTag":"Street Address","DataVisibility":{"Private":false,"Hidden":false},"Configuration":{"QuestionDescriptionOption":"UseText"},"NextChoiceId":1,"NextAnswerId":1,"DefaultChoices":false,"GradingData":[]}},{"SurveyID":"SV_0JIaG6ohcl9rmaa","Element":"SQ","PrimaryAttribute":"QID22","SecondaryAttribute":"What is your phone number","TertiaryAttribute":null,"Payload":{"QuestionText":"What is your phone number","DataExportTag":"PhoneNumber","QuestionID":"QID22","QuestionType":"TE","Selector":"SL","QuestionDescription":"What is your phone number","Validation":{"Settings":{"ForceResponse":"RequestResponse","ForceResponseType":"RequestResponse","Type":"None","MinChars":"1","ContentType":null,"ValidDateType":"DateWithFormat","ValidPhoneType":"ValidUSPhone","ValidZipType":"ValidUSZip","ValidNumber":{"Min":"","Max":"","NumDecimals":""}}},"Language":[],"SearchSource":{"AllowFreeResponse":"false"},"DataVisibility":{"Private":false,"Hidden":false},"Configuration":{"QuestionDescriptionOption":"UseText"},"NextChoiceId":1,"NextAnswerId":1}},{"SurveyID":"SV_0JIaG6ohcl9rmaa","Element":"SQ","PrimaryAttribute":"QID5","SecondaryAttribute":"What is your phone number.","TertiaryAttribute":null,"Payload":{"QuestionText":"What is your phone number.","QuestionID":"QID5","QuestionType":"TE","Selector":"SL","QuestionDescription":"What is your phone number.","Validation":{"Settings":{"Type":"None"}},"Language":[],"SearchSource":{"AllowFreeResponse":"false"},"DataExportTag":"Phone","DataVisibility":{"Private":false,"Hidden":false},"Configuration":{"QuestionDescriptionOption":"UseText"},"NextChoiceId":1,"NextAnswerId":1}},{"SurveyID":"SV_0JIaG6ohcl9rmaa","Element":"SQ","PrimaryAttribute":"QID35","SecondaryAttribute":"What is your relationship to ${q:\/\/QID30\/ChoiceTextEntryValue}?","TertiaryAttribute":null,"Payload":{"QuestionText":"What is your relationship to ${q:\/\/QID30\/ChoiceTextEntryValue}?","DataExportTag":"Relationship-1","QuestionID":"QID35","QuestionType":"MC","Selector":"SAVR","SubSelector":"TX","QuestionDescription":"What is your relationship to ${q:\/\/QID30\/ChoiceTextEntryValue}?","Choices":{"1":{"Display":"Parent"},"2":{"Display":"Adoptive Parent"},"3":{"Display":"Foster Parent"},"4":{"Display":"Grand Parent"},"5":{"Display":"Other"}},"ChoiceOrder":["1","2","3","4","5"],"Validation":{"Settings":{"ForceResponse":"RequestResponse","ForceResponseType":"RequestResponse","Type":"None"}},"Language":[],"DataVisibility":{"Private":false,"Hidden":false},"Configuration":{"QuestionDescriptionOption":"UseText"},"NextChoiceId":11,"NextAnswerId":1}},{"SurveyID":"SV_0JIaG6ohcl9rmaa","Element":"SQ","PrimaryAttribute":"QID18","SecondaryAttribute":"What is your relationship to this child?","TertiaryAttribute":null,"Payload":{"QuestionText":"What is your relationship to this child?\n","DataExportTag":"Relationship","QuestionID":"QID18","QuestionType":"MC","Selector":"SAVR","SubSelector":"TX","QuestionDescription":"What is your relationship to this child?","Choices":{"1":{"Display":"Parent"},"2":{"Display":"Adoptive Parent"},"3":{"Display":"Foster Parent"},"4":{"Display":"Grand Parent"},"5":{"Display":"Other"},"6":{"Display":"Robert Wyse"},"7":{"Display":"Some of the questions do not have an [[ID:]]"},"8":{"Display":"Apologies for that oversight. Here is the corrected version with [[ID:]] tags for all questions:"}},"ChoiceOrder":["1","2","3","4","5","6","7","8"],"Validation":{"Settings":{"Type":"None"}},"Language":[]}},{"SurveyID":"SV_0JIaG6ohcl9rmaa","Element":"SQ","PrimaryAttribute":"QID23","SecondaryAttribute":"What is your street number and street name?","TertiaryAttribute":null,"Payload":{"QuestionText":"What is your street number and street name?","DataExportTag":"StreetAddress","QuestionID":"QID23","QuestionType":"TE","Selector":"SL","QuestionDescription":"What is your street number and street name?","Validation":{"Settings":{"ForceResponse":"RequestResponse","ForceResponseType":"RequestResponse","Type":"None","MinChars":"1"}},"Language":[],"SearchSource":{"AllowFreeResponse":"false"},"DataVisibility":{"Private":false,"Hidden":false},"Configuration":{"QuestionDescriptionOption":"UseText"},"NextChoiceId":1,"NextAnswerId":1}},{"SurveyID":"SV_0JIaG6ohcl9rmaa","Element":"SQ","PrimaryAttribute":"QID37","SecondaryAttribute":"What is your US Zip Code?","TertiaryAttribute":null,"Payload":{"Configuration":{"InputHeight":29,"InputWidth":217,"QuestionDescriptionOption":"UseText"},"DataExportTag":"US Zip Code","DataVisibility":{"Hidden":false,"Private":false},"DefaultChoices":false,"Language":{"DE":{"QuestionText":"Wie lautet Ihre Postleitzahl in den USA?"},"EN-GB":{"QuestionText":"What is your US Zip Code?"},"ES":{"QuestionText":"\u00bfCu\u00e1l es su c\u00f3digo postal en EE. UU.?"},"ES-ES":{"QuestionText":"\u00bfCu\u00e1l es su c\u00f3digo postal de Estados Unidos?"},"FR":{"QuestionText":"Quel est votre code postal\u00a0? (\u00c9tats-Unis)"},"IT":{"QuestionText":"Qual \u00e8 il tuo codice di avviamento postale USA?"},"JA":{"QuestionText":"\u7c73\u56fd\u306e\u90f5\u4fbf\u756a\u53f7\u3092\u304a\u7b54\u3048\u304f\u3060\u3055\u3044\u3002"},"KO":{"QuestionText":"\ubbf8\uad6d \uc6b0\ud3b8\ubc88\ud638\ub294 \ubb34\uc5c7\uc785\ub2c8\uae4c?"},"NL":{"QuestionText":"Wat is uw Amerikaanse postcode?"},"PT-BR":{"QuestionText":"Qual \u00e9 o seu c\u00f3digo postal dos EUA?"},"ZH-S":{"QuestionText":"\u60a8\u7684\u7f8e\u56fd\u90ae\u653f\u7f16\u7801\u662f\u591a\u5c11\uff1f"},"ZH-T":{"QuestionText":"\u60a8\u7684\u7f8e\u570b\u90f5\u905e\u5340\u865f\u70ba\u4f55\uff1f"}},"NextAnswerId":1,"NextChoiceId":4,"QuestionDescription":"What is your US Zip Code?","QuestionText":"What is your US Zip Code?","QuestionText_Unsafe":"What is your US Zip Code?","QuestionType":"TE","ReferenceQuestionConfig":{"instanceOf":{"id":"RQ_HCE7mRbEB1CElW0","version":"v2.0.0"}},"SchemaConfig":{"ConfigVersion":"1.0.0","Reconfirm":true,"URL":"ses:\/\/ZipCode","XMDConnect":true},"SearchSource":{"AllowFreeResponse":"false"},"Selector":"SL","Validation":{"Settings":{"ContentType":"ValidZip","ForceResponse":"OFF","MinChars":"5","Type":"ContentType","ValidDateType":"DateWithFormat","ValidNumber":{"Max":"","Min":"","NumDecimals":""},"ValidPhoneType":"ValidUSPhone","ValidZipType":"ValidUSZip"}},"QuestionID":"QID37"}},{"SurveyID":"SV_0JIaG6ohcl9rmaa","Element":"SQ","PrimaryAttribute":"QID10","SecondaryAttribute":"Which of the following best describes your MAIN activity?","TertiaryAttribute":null,"Payload":{"QuestionText":"Which of the following best describes your MAIN activity?\n","DataExportTag":"Main_Activity","QuestionID":"QID10","QuestionType":"MC","Selector":"SAVR","SubSelector":"TX","QuestionDescription":"Which of the following best describes your MAIN activity?","Choices":{"1":{"Display":"Part-time Employment"},"2":{"Display":"Full-time Employment"},"3":{"Display":"Caring for family"},"4":{"Display":"Going to School"},"5":{"Display":"Looking for work"},"6":{"Display":"Disability or Illness preventing work or school attendance"},"7":{"Display":"Other"},"8":{"Display":"Prefer not to answer"}},"ChoiceOrder":["1","2","3","4","5","6","7","8"],"Validation":{"Settings":{"Type":"None"}},"Language":[]}},{"SurveyID":"SV_0JIaG6ohcl9rmaa","Element":"SQ","PrimaryAttribute":"QID27","SecondaryAttribute":"Which of the following best describes your MAIN activity?","TertiaryAttribute":null,"Payload":{"QuestionText":"Which of the following best describes your MAIN activity?\n","DataExportTag":"Main_Activity-1","QuestionID":"QID27","QuestionType":"MC","Selector":"SAVR","SubSelector":"TX","QuestionDescription":"Which of the following best describes your MAIN activity?","Choices":{"1":{"Display":"Part-time Employment"},"2":{"Display":"Full-time Employment"},"3":{"Display":"Caring for family"},"4":{"Display":"Going to School"},"5":{"Display":"Looking for work"},"6":{"Display":"Disability or Illness preventing work or school attendance"},"7":{"Display":"Other"},"8":{"Display":"Prefer not to answer"}},"ChoiceOrder":["1","2","3","4","5","6","7","8"],"Validation":{"Settings":{"ForceResponse":"RequestResponse","ForceResponseType":"RequestResponse","Type":"None"}},"Language":[],"DataVisibility":{"Private":false,"Hidden":false},"Configuration":{"QuestionDescriptionOption":"UseText"},"NextChoiceId":9,"NextAnswerId":1}},{"SurveyID":"SV_0JIaG6ohcl9rmaa","Element":"SQ","PrimaryAttribute":"QID47","SecondaryAttribute":"Who referred you to this study, or How did you hear about it?","TertiaryAttribute":null,"Payload":{"QuestionText":"Who referred you to this study, or How did you hear about it?","DefaultChoices":false,"DataExportTag":"ReferralSource","QuestionID":"QID47","QuestionType":"TE","Selector":"SL","Configuration":{"QuestionDescriptionOption":"UseText"},"QuestionDescription":"Who referred you to this study, or How did you hear about it?","Validation":{"Settings":{"ForceResponse":"OFF","Type":"None"}},"GradingData":[],"Language":[],"NextChoiceId":4,"NextAnswerId":1,"SearchSource":{"AllowFreeResponse":"false"}}}]}